// !$*UTF8*$!
{
	archiveVersion = 1;
	classes = {
	};
	objectVersion = 48;
	objects = {

/* Begin PBXBuildFile section */
		F814F8B01E4CB60700E67057 /* DayCellView.xib in Resources */ = {isa = PBXBuildFile; fileRef = F814F8AF1E4CB60700E67057 /* DayCellView.xib */; };
		F814F8B21E4CB65800E67057 /* DayCellView.swift in Sources */ = {isa = PBXBuildFile; fileRef = F814F8B11E4CB65800E67057 /* DayCellView.swift */; };
		F814F8B41E4CB71700E67057 /* MainViewController+CalendarDelegates.swift in Sources */ = {isa = PBXBuildFile; fileRef = F814F8B31E4CB71700E67057 /* MainViewController+CalendarDelegates.swift */; };
		F833BB291E79801A00EA3BB2 /* Localizable.strings in Resources */ = {isa = PBXBuildFile; fileRef = F833BB2B1E79801A00EA3BB2 /* Localizable.strings */; };
		F833BB331E79801B00EA3BB2 /* InfoPlist.strings in Resources */ = {isa = PBXBuildFile; fileRef = F833BB351E79801B00EA3BB2 /* InfoPlist.strings */; };
		F847D6E11E48C26A007B8847 /* SegueFromLeft.swift in Sources */ = {isa = PBXBuildFile; fileRef = F847D6E01E48C26A007B8847 /* SegueFromLeft.swift */; };
		F84A6D101E4CBBE400FA9168 /* JTAppleCalendar.framework in Frameworks */ = {isa = PBXBuildFile; fileRef = F84A6D0F1E4CBBE400FA9168 /* JTAppleCalendar.framework */; };
		F85361BE219C308A000B6303 /* SpotlightIndexer.swift in Sources */ = {isa = PBXBuildFile; fileRef = F85361BD219C308A000B6303 /* SpotlightIndexer.swift */; };
		F85D0A851F7170720070CEDD /* EasyTipView.framework.dSYM in CopyFiles */ = {isa = PBXBuildFile; fileRef = F85D0A831F7170550070CEDD /* EasyTipView.framework.dSYM */; };
		F85D0A861F7170720070CEDD /* JTAppleCalendar.framework.dSYM in CopyFiles */ = {isa = PBXBuildFile; fileRef = F85D0A841F7170550070CEDD /* JTAppleCalendar.framework.dSYM */; };
		F86B38921E7AC7B90009B9D0 /* AppDelegateStateHandling.swift in Sources */ = {isa = PBXBuildFile; fileRef = F86B38911E7AC7B90009B9D0 /* AppDelegateStateHandling.swift */; };
		F86B38941E7AE8900009B9D0 /* MainViewController+DayInfoViewDelegate.swift in Sources */ = {isa = PBXBuildFile; fileRef = F86B38931E7AE8900009B9D0 /* MainViewController+DayInfoViewDelegate.swift */; };
		F87E5D531E84064700946699 /* OptionsViewController.swift in Sources */ = {isa = PBXBuildFile; fileRef = F87E5D521E84064700946699 /* OptionsViewController.swift */; };
		F896DC141E8918F00054F2BF /* SSRadioButton.swift in Sources */ = {isa = PBXBuildFile; fileRef = F896DC121E8918F00054F2BF /* SSRadioButton.swift */; };
		F896DC151E8918F00054F2BF /* SSRadioButtonsController.swift in Sources */ = {isa = PBXBuildFile; fileRef = F896DC131E8918F00054F2BF /* SSRadioButtonsController.swift */; };
		F89D613B1E5C6E4D0060911E /* MarksDisplayView.swift in Sources */ = {isa = PBXBuildFile; fileRef = F89D613A1E5C6E4D0060911E /* MarksDisplayView.swift */; };
		F89D613D1E5C80990060911E /* MarkButtonsArrayView.xib in Resources */ = {isa = PBXBuildFile; fileRef = F89D613C1E5C80990060911E /* MarkButtonsArrayView.xib */; };
		F89D613F1E5C81840060911E /* MarkButton.swift in Sources */ = {isa = PBXBuildFile; fileRef = F89D613E1E5C81840060911E /* MarkButton.swift */; };
		F89D61431E5C941D0060911E /* DayInfoView.swift in Sources */ = {isa = PBXBuildFile; fileRef = F89D61421E5C941D0060911E /* DayInfoView.swift */; };
		F89D61451E5D98C40060911E /* MarkButtonsArrayView.swift in Sources */ = {isa = PBXBuildFile; fileRef = F89D61441E5D98C40060911E /* MarkButtonsArrayView.swift */; };
		F8AD5F3E1E706CD500C88FD2 /* SecurePanelView.xib in Resources */ = {isa = PBXBuildFile; fileRef = F8AD5F3D1E706CD500C88FD2 /* SecurePanelView.xib */; };
		F8BC6144221B03EE00907179 /* TShiftsFramework.h in Headers */ = {isa = PBXBuildFile; fileRef = F8BC6134221B03EE00907179 /* TShiftsFramework.h */; settings = {ATTRIBUTES = (Public, ); }; };
		F8BC6148221B03EE00907179 /* TShiftsFramework.framework in Embed Frameworks */ = {isa = PBXBuildFile; fileRef = F8BC6132221B03EE00907179 /* TShiftsFramework.framework */; settings = {ATTRIBUTES = (CodeSignOnCopy, RemoveHeadersOnCopy, ); }; };
		F8BC6151221B045300907179 /* AttributedString+LinkAttributes.swift in Sources */ = {isa = PBXBuildFile; fileRef = F8BC6150221B043E00907179 /* AttributedString+LinkAttributes.swift */; };
		F8BC6157221B045E00907179 /* Date+Utils.swift in Sources */ = {isa = PBXBuildFile; fileRef = F8BC6152221B045C00907179 /* Date+Utils.swift */; };
		F8BC6158221B045E00907179 /* Int+DayConversions.swift in Sources */ = {isa = PBXBuildFile; fileRef = F8BC6153221B045D00907179 /* Int+DayConversions.swift */; };
		F8BC6159221B045E00907179 /* Errors.swift in Sources */ = {isa = PBXBuildFile; fileRef = F8BC6154221B045D00907179 /* Errors.swift */; };
		F8BC615A221B045E00907179 /* Options.swift in Sources */ = {isa = PBXBuildFile; fileRef = F8BC6155221B045D00907179 /* Options.swift */; };
		F8BC615B221B045E00907179 /* ShiftsModel.swift in Sources */ = {isa = PBXBuildFile; fileRef = F8BC6156221B045D00907179 /* ShiftsModel.swift */; };
		F8BC615C221B04F000907179 /* TShiftsFramework.framework in Frameworks */ = {isa = PBXBuildFile; fileRef = F8BC6132221B03EE00907179 /* TShiftsFramework.framework */; };
		F8C7F255219ACA8700E0FDA2 /* CoreSpotlight.framework in Frameworks */ = {isa = PBXBuildFile; fileRef = F8C7F254219ACA8700E0FDA2 /* CoreSpotlight.framework */; };
		F8C7F25C219AF9FC00E0FDA2 /* NotificationCenter.framework in Frameworks */ = {isa = PBXBuildFile; fileRef = F8C7F25B219AF9FC00E0FDA2 /* NotificationCenter.framework */; };
		F8C7F25F219AF9FC00E0FDA2 /* TodayViewController.swift in Sources */ = {isa = PBXBuildFile; fileRef = F8C7F25E219AF9FC00E0FDA2 /* TodayViewController.swift */; };
		F8C7F262219AF9FC00E0FDA2 /* MainInterface.storyboard in Resources */ = {isa = PBXBuildFile; fileRef = F8C7F260219AF9FC00E0FDA2 /* MainInterface.storyboard */; };
		F8C7F266219AF9FC00E0FDA2 /* TShifts Today Widget.appex in Embed App Extensions */ = {isa = PBXBuildFile; fileRef = F8C7F25A219AF9FC00E0FDA2 /* TShifts Today Widget.appex */; settings = {ATTRIBUTES = (RemoveHeadersOnCopy, ); }; };
		F8C7F26D219B0C7100E0FDA2 /* WidgetTableViewCell.swift in Sources */ = {isa = PBXBuildFile; fileRef = F8C7F26B219B0B8B00E0FDA2 /* WidgetTableViewCell.swift */; };
		F8DBA7831E8A6601003D0E87 /* OptionsViewController+OptionsHandling.swift in Sources */ = {isa = PBXBuildFile; fileRef = F8DBA7821E8A6601003D0E87 /* OptionsViewController+OptionsHandling.swift */; };
		F8E4D1F622172B0800CDFE0B /* TShiftsFramework.framework in Frameworks */ = {isa = PBXBuildFile; fileRef = F8E4D1F522172B0800CDFE0B /* TShiftsFramework.framework */; };
		F8E9B53C1E27C9A600390BD3 /* AppDelegate.swift in Sources */ = {isa = PBXBuildFile; fileRef = F8E9B53B1E27C9A600390BD3 /* AppDelegate.swift */; };
		F8E9B53E1E27C9A600390BD3 /* MainViewController.swift in Sources */ = {isa = PBXBuildFile; fileRef = F8E9B53D1E27C9A600390BD3 /* MainViewController.swift */; };
		F8E9B5411E27C9A600390BD3 /* Main.storyboard in Resources */ = {isa = PBXBuildFile; fileRef = F8E9B53F1E27C9A600390BD3 /* Main.storyboard */; };
		F8E9B5431E27C9A600390BD3 /* Assets.xcassets in Resources */ = {isa = PBXBuildFile; fileRef = F8E9B5421E27C9A600390BD3 /* Assets.xcassets */; };
		F8E9B5461E27C9A600390BD3 /* LaunchScreen.storyboard in Resources */ = {isa = PBXBuildFile; fileRef = F8E9B5441E27C9A600390BD3 /* LaunchScreen.storyboard */; };
		F8F161B72147EC0F002477F1 /* DayInfoViewSecurePanelExtension.swift in Sources */ = {isa = PBXBuildFile; fileRef = F8F161B62147EC0F002477F1 /* DayInfoViewSecurePanelExtension.swift */; };
		F8FBD3D01E7B41B30072A307 /* Options.plist in Resources */ = {isa = PBXBuildFile; fileRef = F8FBD3D21E7B41B30072A307 /* Options.plist */; };
/* End PBXBuildFile section */

/* Begin PBXContainerItemProxy section */
		F8BC6145221B03EE00907179 /* PBXContainerItemProxy */ = {
			isa = PBXContainerItemProxy;
			containerPortal = F8E9B5301E27C9A500390BD3 /* Project object */;
			proxyType = 1;
			remoteGlobalIDString = F8BC6131221B03EE00907179;
			remoteInfo = TShiftsFramework;
		};
		F8BC615D221B050700907179 /* PBXContainerItemProxy */ = {
			isa = PBXContainerItemProxy;
			containerPortal = F8E9B5301E27C9A500390BD3 /* Project object */;
			proxyType = 1;
			remoteGlobalIDString = F8BC6131221B03EE00907179;
			remoteInfo = TShiftsFramework;
		};
		F8C7F264219AF9FC00E0FDA2 /* PBXContainerItemProxy */ = {
			isa = PBXContainerItemProxy;
			containerPortal = F8E9B5301E27C9A500390BD3 /* Project object */;
			proxyType = 1;
			remoteGlobalIDString = F8C7F259219AF9FC00E0FDA2;
			remoteInfo = "TShifts Today Widget";
		};
/* End PBXContainerItemProxy section */

/* Begin PBXCopyFilesBuildPhase section */
		F881E67C1F716F44005CEB24 /* CopyFiles */ = {
			isa = PBXCopyFilesBuildPhase;
			buildActionMask = 12;
			dstPath = "";
			dstSubfolderSpec = 16;
			files = (
				F85D0A851F7170720070CEDD /* EasyTipView.framework.dSYM in CopyFiles */,
				F85D0A861F7170720070CEDD /* JTAppleCalendar.framework.dSYM in CopyFiles */,
			);
			runOnlyForDeploymentPostprocessing = 0;
		};
		F8BC614C221B03EE00907179 /* Embed Frameworks */ = {
			isa = PBXCopyFilesBuildPhase;
			buildActionMask = 2147483647;
			dstPath = "";
			dstSubfolderSpec = 10;
			files = (
				F8BC6148221B03EE00907179 /* TShiftsFramework.framework in Embed Frameworks */,
			);
			name = "Embed Frameworks";
			runOnlyForDeploymentPostprocessing = 0;
		};
		F8C7F26A219AF9FC00E0FDA2 /* Embed App Extensions */ = {
			isa = PBXCopyFilesBuildPhase;
			buildActionMask = 2147483647;
			dstPath = "";
			dstSubfolderSpec = 13;
			files = (
				F8C7F266219AF9FC00E0FDA2 /* TShifts Today Widget.appex in Embed App Extensions */,
			);
			name = "Embed App Extensions";
			runOnlyForDeploymentPostprocessing = 0;
		};
/* End PBXCopyFilesBuildPhase section */

/* Begin PBXFileReference section */
		F814784F1E2E7C50003AE87C /* T-shift-icon-source.graffle */ = {isa = PBXFileReference; lastKnownFileType = file; path = "T-shift-icon-source.graffle"; sourceTree = "<group>"; };
		F814F8AF1E4CB60700E67057 /* DayCellView.xib */ = {isa = PBXFileReference; fileEncoding = 4; lastKnownFileType = file.xib; path = DayCellView.xib; sourceTree = "<group>"; };
		F814F8B11E4CB65800E67057 /* DayCellView.swift */ = {isa = PBXFileReference; fileEncoding = 4; lastKnownFileType = sourcecode.swift; path = DayCellView.swift; sourceTree = "<group>"; };
		F814F8B31E4CB71700E67057 /* MainViewController+CalendarDelegates.swift */ = {isa = PBXFileReference; fileEncoding = 4; lastKnownFileType = sourcecode.swift; path = "MainViewController+CalendarDelegates.swift"; sourceTree = "<group>"; };
		F826EF12224A7A5100908074 /* TShiftsFrameworkTests copy-Info.plist */ = {isa = PBXFileReference; lastKnownFileType = text.plist.xml; name = "TShiftsFrameworkTests copy-Info.plist"; path = "/Users/esposito/Software/T-Shifts/TShiftsFrameworkTests copy-Info.plist"; sourceTree = "<absolute>"; };
		F833BB1F1E794CF000EA3BB2 /* en */ = {isa = PBXFileReference; lastKnownFileType = text.plist.strings; name = en; path = en.lproj/Main.strings; sourceTree = "<group>"; };
		F833BB251E797F4F00EA3BB2 /* it */ = {isa = PBXFileReference; lastKnownFileType = text.plist.strings; name = it; path = it.lproj/Main.strings; sourceTree = "<group>"; };
		F833BB261E797F4F00EA3BB2 /* it */ = {isa = PBXFileReference; lastKnownFileType = text.plist.strings; name = it; path = it.lproj/LaunchScreen.strings; sourceTree = "<group>"; };
		F833BB2A1E79801A00EA3BB2 /* it */ = {isa = PBXFileReference; lastKnownFileType = text.plist.strings; name = it; path = it.lproj/Localizable.strings; sourceTree = "<group>"; };
		F833BB2F1E79801A00EA3BB2 /* it */ = {isa = PBXFileReference; lastKnownFileType = text.plist.strings; name = it; path = it.lproj/InfoPlist.strings; sourceTree = "<group>"; };
		F833BB341E79801B00EA3BB2 /* it */ = {isa = PBXFileReference; lastKnownFileType = text.plist.strings; name = it; path = it.lproj/InfoPlist.strings; sourceTree = "<group>"; };
		F833BB391E79801B00EA3BB2 /* it */ = {isa = PBXFileReference; lastKnownFileType = text.plist.strings; name = it; path = it.lproj/InfoPlist.strings; sourceTree = "<group>"; };
		F847D6E01E48C26A007B8847 /* SegueFromLeft.swift */ = {isa = PBXFileReference; fileEncoding = 4; lastKnownFileType = sourcecode.swift; path = SegueFromLeft.swift; sourceTree = "<group>"; };
		F84A6D0F1E4CBBE400FA9168 /* JTAppleCalendar.framework */ = {isa = PBXFileReference; lastKnownFileType = wrapper.framework; name = JTAppleCalendar.framework; path = Carthage/Build/iOS/JTAppleCalendar.framework; sourceTree = "<group>"; };
		F85361BD219C308A000B6303 /* SpotlightIndexer.swift */ = {isa = PBXFileReference; lastKnownFileType = sourcecode.swift; path = SpotlightIndexer.swift; sourceTree = "<group>"; };
		F85D0A831F7170550070CEDD /* EasyTipView.framework.dSYM */ = {isa = PBXFileReference; lastKnownFileType = wrapper.dsym; path = EasyTipView.framework.dSYM; sourceTree = "<group>"; };
		F85D0A841F7170550070CEDD /* JTAppleCalendar.framework.dSYM */ = {isa = PBXFileReference; lastKnownFileType = wrapper.dsym; path = JTAppleCalendar.framework.dSYM; sourceTree = "<group>"; };
		F86853C71E71B6A800A157DA /* panel-source.graffle */ = {isa = PBXFileReference; lastKnownFileType = file; path = "panel-source.graffle"; sourceTree = "<group>"; };
		F86B38911E7AC7B90009B9D0 /* AppDelegateStateHandling.swift */ = {isa = PBXFileReference; fileEncoding = 4; lastKnownFileType = sourcecode.swift; path = AppDelegateStateHandling.swift; sourceTree = "<group>"; };
		F86B38931E7AE8900009B9D0 /* MainViewController+DayInfoViewDelegate.swift */ = {isa = PBXFileReference; fileEncoding = 4; lastKnownFileType = sourcecode.swift; path = "MainViewController+DayInfoViewDelegate.swift"; sourceTree = "<group>"; };
		F87E5D511E83C89300946699 /* en */ = {isa = PBXFileReference; lastKnownFileType = text.plist.strings; name = en; path = en.lproj/InfoPlist.strings; sourceTree = "<group>"; };
		F87E5D521E84064700946699 /* OptionsViewController.swift */ = {isa = PBXFileReference; fileEncoding = 4; lastKnownFileType = sourcecode.swift; path = OptionsViewController.swift; sourceTree = "<group>"; };
		F896DC121E8918F00054F2BF /* SSRadioButton.swift */ = {isa = PBXFileReference; fileEncoding = 4; lastKnownFileType = sourcecode.swift; name = SSRadioButton.swift; path = SSRadioButtonsController/SSRadioButtonController/SSRadioButton.swift; sourceTree = SOURCE_ROOT; };
		F896DC131E8918F00054F2BF /* SSRadioButtonsController.swift */ = {isa = PBXFileReference; fileEncoding = 4; lastKnownFileType = sourcecode.swift; name = SSRadioButtonsController.swift; path = SSRadioButtonsController/SSRadioButtonController/SSRadioButtonsController.swift; sourceTree = SOURCE_ROOT; };
		F89D613A1E5C6E4D0060911E /* MarksDisplayView.swift */ = {isa = PBXFileReference; fileEncoding = 4; lastKnownFileType = sourcecode.swift; path = MarksDisplayView.swift; sourceTree = "<group>"; };
		F89D613C1E5C80990060911E /* MarkButtonsArrayView.xib */ = {isa = PBXFileReference; fileEncoding = 4; lastKnownFileType = file.xib; path = MarkButtonsArrayView.xib; sourceTree = "<group>"; };
		F89D613E1E5C81840060911E /* MarkButton.swift */ = {isa = PBXFileReference; fileEncoding = 4; lastKnownFileType = sourcecode.swift; path = MarkButton.swift; sourceTree = "<group>"; };
		F89D61421E5C941D0060911E /* DayInfoView.swift */ = {isa = PBXFileReference; fileEncoding = 4; lastKnownFileType = sourcecode.swift; path = DayInfoView.swift; sourceTree = "<group>"; };
		F89D61441E5D98C40060911E /* MarkButtonsArrayView.swift */ = {isa = PBXFileReference; fileEncoding = 4; lastKnownFileType = sourcecode.swift; path = MarkButtonsArrayView.swift; sourceTree = "<group>"; };
		F8AD5F3D1E706CD500C88FD2 /* SecurePanelView.xib */ = {isa = PBXFileReference; fileEncoding = 4; lastKnownFileType = file.xib; path = SecurePanelView.xib; sourceTree = "<group>"; };
		F8BC6132221B03EE00907179 /* TShiftsFramework.framework */ = {isa = PBXFileReference; explicitFileType = wrapper.framework; includeInIndex = 0; path = TShiftsFramework.framework; sourceTree = BUILT_PRODUCTS_DIR; };
		F8BC6134221B03EE00907179 /* TShiftsFramework.h */ = {isa = PBXFileReference; lastKnownFileType = sourcecode.c.h; path = TShiftsFramework.h; sourceTree = "<group>"; };
		F8BC6135221B03EE00907179 /* Info.plist */ = {isa = PBXFileReference; lastKnownFileType = text.plist.xml; path = Info.plist; sourceTree = "<group>"; };
		F8BC6141221B03EE00907179 /* TShiftsFrameworkTests.swift */ = {isa = PBXFileReference; lastKnownFileType = sourcecode.swift; path = TShiftsFrameworkTests.swift; sourceTree = "<group>"; };
		F8BC6143221B03EE00907179 /* Info.plist */ = {isa = PBXFileReference; lastKnownFileType = text.plist.xml; path = Info.plist; sourceTree = "<group>"; };
		F8BC6150221B043E00907179 /* AttributedString+LinkAttributes.swift */ = {isa = PBXFileReference; fileEncoding = 4; lastKnownFileType = sourcecode.swift; path = "AttributedString+LinkAttributes.swift"; sourceTree = "<group>"; };
		F8BC6152221B045C00907179 /* Date+Utils.swift */ = {isa = PBXFileReference; fileEncoding = 4; lastKnownFileType = sourcecode.swift; path = "Date+Utils.swift"; sourceTree = "<group>"; };
		F8BC6153221B045D00907179 /* Int+DayConversions.swift */ = {isa = PBXFileReference; fileEncoding = 4; lastKnownFileType = sourcecode.swift; path = "Int+DayConversions.swift"; sourceTree = "<group>"; };
		F8BC6154221B045D00907179 /* Errors.swift */ = {isa = PBXFileReference; fileEncoding = 4; lastKnownFileType = sourcecode.swift; path = Errors.swift; sourceTree = "<group>"; };
		F8BC6155221B045D00907179 /* Options.swift */ = {isa = PBXFileReference; fileEncoding = 4; lastKnownFileType = sourcecode.swift; path = Options.swift; sourceTree = "<group>"; };
		F8BC6156221B045D00907179 /* ShiftsModel.swift */ = {isa = PBXFileReference; fileEncoding = 4; lastKnownFileType = sourcecode.swift; path = ShiftsModel.swift; sourceTree = "<group>"; };
		F8C7F254219ACA8700E0FDA2 /* CoreSpotlight.framework */ = {isa = PBXFileReference; lastKnownFileType = wrapper.framework; name = CoreSpotlight.framework; path = System/Library/Frameworks/CoreSpotlight.framework; sourceTree = SDKROOT; };
		F8C7F25A219AF9FC00E0FDA2 /* TShifts Today Widget.appex */ = {isa = PBXFileReference; explicitFileType = "wrapper.app-extension"; includeInIndex = 0; path = "TShifts Today Widget.appex"; sourceTree = BUILT_PRODUCTS_DIR; };
		F8C7F25B219AF9FC00E0FDA2 /* NotificationCenter.framework */ = {isa = PBXFileReference; lastKnownFileType = wrapper.framework; name = NotificationCenter.framework; path = System/Library/Frameworks/NotificationCenter.framework; sourceTree = SDKROOT; };
		F8C7F25E219AF9FC00E0FDA2 /* TodayViewController.swift */ = {isa = PBXFileReference; lastKnownFileType = sourcecode.swift; path = TodayViewController.swift; sourceTree = "<group>"; };
		F8C7F261219AF9FC00E0FDA2 /* Base */ = {isa = PBXFileReference; lastKnownFileType = file.storyboard; name = Base; path = Base.lproj/MainInterface.storyboard; sourceTree = "<group>"; };
		F8C7F263219AF9FC00E0FDA2 /* Info.plist */ = {isa = PBXFileReference; lastKnownFileType = text.plist.xml; path = Info.plist; sourceTree = "<group>"; };
		F8C7F26B219B0B8B00E0FDA2 /* WidgetTableViewCell.swift */ = {isa = PBXFileReference; lastKnownFileType = sourcecode.swift; path = WidgetTableViewCell.swift; sourceTree = "<group>"; };
		F8C7F26E219B1A2800E0FDA2 /* T-Shifts.entitlements */ = {isa = PBXFileReference; lastKnownFileType = text.plist.entitlements; path = "T-Shifts.entitlements"; sourceTree = "<group>"; };
		F8C7F26F219B1A9A00E0FDA2 /* TShifts Today Widget.entitlements */ = {isa = PBXFileReference; lastKnownFileType = text.plist.entitlements; path = "TShifts Today Widget.entitlements"; sourceTree = "<group>"; };
		F8DBA7821E8A6601003D0E87 /* OptionsViewController+OptionsHandling.swift */ = {isa = PBXFileReference; fileEncoding = 4; lastKnownFileType = sourcecode.swift; path = "OptionsViewController+OptionsHandling.swift"; sourceTree = "<group>"; };
		F8E4D1F522172B0800CDFE0B /* TShiftsFramework.framework */ = {isa = PBXFileReference; explicitFileType = wrapper.framework; path = TShiftsFramework.framework; sourceTree = BUILT_PRODUCTS_DIR; };
		F8E9B5381E27C9A600390BD3 /* T-Shifts.app */ = {isa = PBXFileReference; explicitFileType = wrapper.application; includeInIndex = 0; path = "T-Shifts.app"; sourceTree = BUILT_PRODUCTS_DIR; };
		F8E9B53B1E27C9A600390BD3 /* AppDelegate.swift */ = {isa = PBXFileReference; lastKnownFileType = sourcecode.swift; path = AppDelegate.swift; sourceTree = "<group>"; };
		F8E9B53D1E27C9A600390BD3 /* MainViewController.swift */ = {isa = PBXFileReference; lastKnownFileType = sourcecode.swift; lineEnding = 0; path = MainViewController.swift; sourceTree = "<group>"; xcLanguageSpecificationIdentifier = xcode.lang.swift; };
		F8E9B5401E27C9A600390BD3 /* Base */ = {isa = PBXFileReference; lastKnownFileType = file.storyboard; name = Base; path = Base.lproj/Main.storyboard; sourceTree = "<group>"; };
		F8E9B5421E27C9A600390BD3 /* Assets.xcassets */ = {isa = PBXFileReference; lastKnownFileType = folder.assetcatalog; path = Assets.xcassets; sourceTree = "<group>"; };
		F8E9B5451E27C9A600390BD3 /* Base */ = {isa = PBXFileReference; lastKnownFileType = file.storyboard; name = Base; path = Base.lproj/LaunchScreen.storyboard; sourceTree = "<group>"; };
		F8E9B5471E27C9A600390BD3 /* Info.plist */ = {isa = PBXFileReference; lastKnownFileType = text.plist.xml; path = Info.plist; sourceTree = "<group>"; };
		F8E9B5501E27C9A600390BD3 /* T_ShiftsTests.swift */ = {isa = PBXFileReference; lastKnownFileType = sourcecode.swift; path = T_ShiftsTests.swift; sourceTree = "<group>"; };
		F8E9B5521E27C9A600390BD3 /* Info.plist */ = {isa = PBXFileReference; lastKnownFileType = text.plist.xml; path = Info.plist; sourceTree = "<group>"; };
		F8E9B55B1E27C9A600390BD3 /* T_ShiftsUITests.swift */ = {isa = PBXFileReference; lastKnownFileType = sourcecode.swift; path = T_ShiftsUITests.swift; sourceTree = "<group>"; };
		F8E9B55D1E27C9A600390BD3 /* Info.plist */ = {isa = PBXFileReference; lastKnownFileType = text.plist.xml; path = Info.plist; sourceTree = "<group>"; };
		F8F161B62147EC0F002477F1 /* DayInfoViewSecurePanelExtension.swift */ = {isa = PBXFileReference; lastKnownFileType = sourcecode.swift; path = DayInfoViewSecurePanelExtension.swift; sourceTree = "<group>"; };
		F8F54975227B211700491DF6 /* options-img-1x.pxm */ = {isa = PBXFileReference; lastKnownFileType = file; path = "options-img-1x.pxm"; sourceTree = "<group>"; };
		F8F54976227B211700491DF6 /* options-img-2x.pxm */ = {isa = PBXFileReference; lastKnownFileType = file; path = "options-img-2x.pxm"; sourceTree = "<group>"; };
		F8F54977227B211700491DF6 /* options-img-3x.pxm */ = {isa = PBXFileReference; lastKnownFileType = file; path = "options-img-3x.pxm"; sourceTree = "<group>"; };
		F8FBD3D11E7B41B30072A307 /* en */ = {isa = PBXFileReference; lastKnownFileType = text.plist.xml; name = en; path = en.lproj/Options.plist; sourceTree = "<group>"; };
		F8FBD3D31E7B4D810072A307 /* it */ = {isa = PBXFileReference; lastKnownFileType = text.plist.xml; name = it; path = it.lproj/Options.plist; sourceTree = "<group>"; };
/* End PBXFileReference section */

/* Begin PBXFrameworksBuildPhase section */
		F8BC612F221B03EE00907179 /* Frameworks */ = {
			isa = PBXFrameworksBuildPhase;
			buildActionMask = 2147483647;
			files = (
			);
			runOnlyForDeploymentPostprocessing = 0;
		};
		F8C7F257219AF9FC00E0FDA2 /* Frameworks */ = {
			isa = PBXFrameworksBuildPhase;
			buildActionMask = 2147483647;
			files = (
				F8BC615C221B04F000907179 /* TShiftsFramework.framework in Frameworks */,
				F8C7F25C219AF9FC00E0FDA2 /* NotificationCenter.framework in Frameworks */,
			);
			runOnlyForDeploymentPostprocessing = 0;
		};
		F8E9B5351E27C9A600390BD3 /* Frameworks */ = {
			isa = PBXFrameworksBuildPhase;
			buildActionMask = 2147483647;
			files = (
				F8E4D1F622172B0800CDFE0B /* TShiftsFramework.framework in Frameworks */,
				F8C7F255219ACA8700E0FDA2 /* CoreSpotlight.framework in Frameworks */,
				F84A6D101E4CBBE400FA9168 /* JTAppleCalendar.framework in Frameworks */,
			);
			runOnlyForDeploymentPostprocessing = 0;
		};
/* End PBXFrameworksBuildPhase section */

/* Begin PBXGroup section */
		F814F8AA1E4CAC5F00E67057 /* Models */ = {
			isa = PBXGroup;
			children = (
				F85361BD219C308A000B6303 /* SpotlightIndexer.swift */,
			);
			name = Models;
			sourceTree = "<group>";
		};
		F814F8AB1E4CAC7900E67057 /* Controllers */ = {
			isa = PBXGroup;
			children = (
				F8E9B53D1E27C9A600390BD3 /* MainViewController.swift */,
				F86B38931E7AE8900009B9D0 /* MainViewController+DayInfoViewDelegate.swift */,
				F814F8B31E4CB71700E67057 /* MainViewController+CalendarDelegates.swift */,
				F87E5D521E84064700946699 /* OptionsViewController.swift */,
				F8DBA7821E8A6601003D0E87 /* OptionsViewController+OptionsHandling.swift */,
			);
			name = Controllers;
			sourceTree = "<group>";
		};
		F814F8AC1E4CAC9F00E67057 /* Views */ = {
			isa = PBXGroup;
			children = (
				F814F8AF1E4CB60700E67057 /* DayCellView.xib */,
				F8E9B53F1E27C9A600390BD3 /* Main.storyboard */,
				F8E9B5441E27C9A600390BD3 /* LaunchScreen.storyboard */,
				F8AD5F3F1E715E2200C88FD2 /* DayInfo */,
				F814F8B11E4CB65800E67057 /* DayCellView.swift */,
				F89D613A1E5C6E4D0060911E /* MarksDisplayView.swift */,
				F847D6E01E48C26A007B8847 /* SegueFromLeft.swift */,
			);
			name = Views;
			sourceTree = "<group>";
		};
		F85D0A871F7171430070CEDD /* Frameworks */ = {
			isa = PBXGroup;
			children = (
				F8E4D1F522172B0800CDFE0B /* TShiftsFramework.framework */,
				F8C7F254219ACA8700E0FDA2 /* CoreSpotlight.framework */,
				F8C7F25B219AF9FC00E0FDA2 /* NotificationCenter.framework */,
			);
			name = Frameworks;
			sourceTree = "<group>";
		};
		F86B38901E7A89F10009B9D0 /* Resources */ = {
			isa = PBXGroup;
			children = (
				F833BB351E79801B00EA3BB2 /* InfoPlist.strings */,
				F833BB2B1E79801A00EA3BB2 /* Localizable.strings */,
				F8E9B5471E27C9A600390BD3 /* Info.plist */,
				F8FBD3D21E7B41B30072A307 /* Options.plist */,
				F814784F1E2E7C50003AE87C /* T-shift-icon-source.graffle */,
				F86853C71E71B6A800A157DA /* panel-source.graffle */,
				F8F54978227B214700491DF6 /* options-img */,
				F8E9B5421E27C9A600390BD3 /* Assets.xcassets */,
			);
			name = Resources;
			sourceTree = "<group>";
		};
		F896DC111E89189F0054F2BF /* ExternalLibraries */ = {
			isa = PBXGroup;
			children = (
				F896DC121E8918F00054F2BF /* SSRadioButton.swift */,
				F896DC131E8918F00054F2BF /* SSRadioButtonsController.swift */,
			);
			name = ExternalLibraries;
			sourceTree = "<group>";
		};
		F8AD5F3F1E715E2200C88FD2 /* DayInfo */ = {
			isa = PBXGroup;
			children = (
				F89D613C1E5C80990060911E /* MarkButtonsArrayView.xib */,
				F8AD5F3D1E706CD500C88FD2 /* SecurePanelView.xib */,
				F89D61421E5C941D0060911E /* DayInfoView.swift */,
				F89D613E1E5C81840060911E /* MarkButton.swift */,
				F89D61441E5D98C40060911E /* MarkButtonsArrayView.swift */,
				F8F161B62147EC0F002477F1 /* DayInfoViewSecurePanelExtension.swift */,
			);
			name = DayInfo;
			sourceTree = "<group>";
		};
		F8BC6133221B03EE00907179 /* TShiftsFramework */ = {
			isa = PBXGroup;
			children = (
				F8BC6152221B045C00907179 /* Date+Utils.swift */,
				F8BC6154221B045D00907179 /* Errors.swift */,
				F8BC6153221B045D00907179 /* Int+DayConversions.swift */,
				F8BC6155221B045D00907179 /* Options.swift */,
				F8BC6156221B045D00907179 /* ShiftsModel.swift */,
				F8BC6150221B043E00907179 /* AttributedString+LinkAttributes.swift */,
				F8BC6134221B03EE00907179 /* TShiftsFramework.h */,
				F8BC6135221B03EE00907179 /* Info.plist */,
			);
			path = TShiftsFramework;
			sourceTree = "<group>";
		};
		F8BC6140221B03EE00907179 /* TShiftsFrameworkTests */ = {
			isa = PBXGroup;
			children = (
				F8BC6141221B03EE00907179 /* TShiftsFrameworkTests.swift */,
				F8BC6143221B03EE00907179 /* Info.plist */,
			);
			path = TShiftsFrameworkTests;
			sourceTree = "<group>";
		};
		F8C7F25D219AF9FC00E0FDA2 /* TShifts Today Widget */ = {
			isa = PBXGroup;
			children = (
				F8C7F26F219B1A9A00E0FDA2 /* TShifts Today Widget.entitlements */,
				F8C7F25E219AF9FC00E0FDA2 /* TodayViewController.swift */,
				F8C7F26B219B0B8B00E0FDA2 /* WidgetTableViewCell.swift */,
				F8C7F260219AF9FC00E0FDA2 /* MainInterface.storyboard */,
				F8C7F263219AF9FC00E0FDA2 /* Info.plist */,
			);
			path = "TShifts Today Widget";
			sourceTree = "<group>";
		};
		F8E9B52F1E27C9A500390BD3 = {
			isa = PBXGroup;
			children = (
				F85D0A831F7170550070CEDD /* EasyTipView.framework.dSYM */,
				F85D0A841F7170550070CEDD /* JTAppleCalendar.framework.dSYM */,
				F8E9B53A1E27C9A600390BD3 /* T-Shifts */,
				F8E9B54F1E27C9A600390BD3 /* T-ShiftsTests */,
				F8E9B55A1E27C9A600390BD3 /* T-ShiftsUITests */,
				F8C7F25D219AF9FC00E0FDA2 /* TShifts Today Widget */,
				F8BC6133221B03EE00907179 /* TShiftsFramework */,
				F8BC6140221B03EE00907179 /* TShiftsFrameworkTests */,
				F8E9B5391E27C9A600390BD3 /* Products */,
				F84A6D0F1E4CBBE400FA9168 /* JTAppleCalendar.framework */,
				F85D0A871F7171430070CEDD /* Frameworks */,
				F826EF12224A7A5100908074 /* TShiftsFrameworkTests copy-Info.plist */,
			);
			sourceTree = "<group>";
		};
		F8E9B5391E27C9A600390BD3 /* Products */ = {
			isa = PBXGroup;
			children = (
				F8E9B5381E27C9A600390BD3 /* T-Shifts.app */,
				F8C7F25A219AF9FC00E0FDA2 /* TShifts Today Widget.appex */,
				F8BC6132221B03EE00907179 /* TShiftsFramework.framework */,
			);
			name = Products;
			sourceTree = "<group>";
		};
		F8E9B53A1E27C9A600390BD3 /* T-Shifts */ = {
			isa = PBXGroup;
			children = (
				F8C7F26E219B1A2800E0FDA2 /* T-Shifts.entitlements */,
				F8E9B53B1E27C9A600390BD3 /* AppDelegate.swift */,
				F86B38911E7AC7B90009B9D0 /* AppDelegateStateHandling.swift */,
				F814F8AA1E4CAC5F00E67057 /* Models */,
				F814F8AC1E4CAC9F00E67057 /* Views */,
				F814F8AB1E4CAC7900E67057 /* Controllers */,
				F86B38901E7A89F10009B9D0 /* Resources */,
				F896DC111E89189F0054F2BF /* ExternalLibraries */,
			);
			path = "T-Shifts";
			sourceTree = "<group>";
		};
		F8E9B54F1E27C9A600390BD3 /* T-ShiftsTests */ = {
			isa = PBXGroup;
			children = (
				F833BB301E79801A00EA3BB2 /* InfoPlist.strings */,
				F8E9B5501E27C9A600390BD3 /* T_ShiftsTests.swift */,
				F8E9B5521E27C9A600390BD3 /* Info.plist */,
			);
			path = "T-ShiftsTests";
			sourceTree = "<group>";
		};
		F8E9B55A1E27C9A600390BD3 /* T-ShiftsUITests */ = {
			isa = PBXGroup;
			children = (
				F833BB3A1E79801B00EA3BB2 /* InfoPlist.strings */,
				F8E9B55B1E27C9A600390BD3 /* T_ShiftsUITests.swift */,
				F8E9B55D1E27C9A600390BD3 /* Info.plist */,
			);
			path = "T-ShiftsUITests";
			sourceTree = "<group>";
		};
		F8F54978227B214700491DF6 /* options-img */ = {
			isa = PBXGroup;
			children = (
				F8F54975227B211700491DF6 /* options-img-1x.pxm */,
				F8F54976227B211700491DF6 /* options-img-2x.pxm */,
				F8F54977227B211700491DF6 /* options-img-3x.pxm */,
			);
			path = "options-img";
			sourceTree = "<group>";
		};
/* End PBXGroup section */

/* Begin PBXHeadersBuildPhase section */
		F8BC612D221B03EE00907179 /* Headers */ = {
			isa = PBXHeadersBuildPhase;
			buildActionMask = 2147483647;
			files = (
				F8BC6144221B03EE00907179 /* TShiftsFramework.h in Headers */,
			);
			runOnlyForDeploymentPostprocessing = 0;
		};
/* End PBXHeadersBuildPhase section */

/* Begin PBXNativeTarget section */
		F8BC6131221B03EE00907179 /* TShiftsFramework */ = {
			isa = PBXNativeTarget;
			buildConfigurationList = F8BC6149221B03EE00907179 /* Build configuration list for PBXNativeTarget "TShiftsFramework" */;
			buildPhases = (
				F8BC612D221B03EE00907179 /* Headers */,
				F8BC612E221B03EE00907179 /* Sources */,
				F8BC612F221B03EE00907179 /* Frameworks */,
				F8BC6130221B03EE00907179 /* Resources */,
			);
			buildRules = (
			);
			dependencies = (
			);
			name = TShiftsFramework;
			productName = TShiftsFramework;
			productReference = F8BC6132221B03EE00907179 /* TShiftsFramework.framework */;
			productType = "com.apple.product-type.framework";
		};
		F8C7F259219AF9FC00E0FDA2 /* TShifts Today Widget */ = {
			isa = PBXNativeTarget;
			buildConfigurationList = F8C7F267219AF9FC00E0FDA2 /* Build configuration list for PBXNativeTarget "TShifts Today Widget" */;
			buildPhases = (
				F8C7F256219AF9FC00E0FDA2 /* Sources */,
				F8C7F257219AF9FC00E0FDA2 /* Frameworks */,
				F8C7F258219AF9FC00E0FDA2 /* Resources */,
			);
			buildRules = (
			);
			dependencies = (
				F8BC615E221B050700907179 /* PBXTargetDependency */,
			);
			name = "TShifts Today Widget";
			productName = "TShifts Today Widget";
			productReference = F8C7F25A219AF9FC00E0FDA2 /* TShifts Today Widget.appex */;
			productType = "com.apple.product-type.app-extension";
		};
		F8E9B5371E27C9A600390BD3 /* T-Shifts */ = {
			isa = PBXNativeTarget;
			buildConfigurationList = F8E9B5601E27C9A600390BD3 /* Build configuration list for PBXNativeTarget "T-Shifts" */;
			buildPhases = (
				F8E9B5341E27C9A600390BD3 /* Sources */,
				F8E9B5351E27C9A600390BD3 /* Frameworks */,
				F8E9B5361E27C9A600390BD3 /* Resources */,
				F814F8B61E4CBB8000E67057 /* ShellScript */,
				F881E67C1F716F44005CEB24 /* CopyFiles */,
				F8C7F26A219AF9FC00E0FDA2 /* Embed App Extensions */,
				F8BC614C221B03EE00907179 /* Embed Frameworks */,
			);
			buildRules = (
			);
			dependencies = (
				F8C7F265219AF9FC00E0FDA2 /* PBXTargetDependency */,
				F8BC6146221B03EE00907179 /* PBXTargetDependency */,
			);
			name = "T-Shifts";
			productName = "T-Shifts";
			productReference = F8E9B5381E27C9A600390BD3 /* T-Shifts.app */;
			productType = "com.apple.product-type.application";
		};
/* End PBXNativeTarget section */

/* Begin PBXProject section */
		F8E9B5301E27C9A500390BD3 /* Project object */ = {
			isa = PBXProject;
			attributes = {
				LastSwiftUpdateCheck = 1010;
				LastUpgradeCheck = 1010;
				ORGANIZATIONNAME = "Roberto Esposito";
				TargetAttributes = {
					F8BC6131221B03EE00907179 = {
						CreatedOnToolsVersion = 10.1;
						LastSwiftMigration = 1020;
						ProvisioningStyle = Automatic;
					};
					F8C7F259219AF9FC00E0FDA2 = {
						CreatedOnToolsVersion = 10.1;
						LastSwiftMigration = 1020;
						ProvisioningStyle = Automatic;
						SystemCapabilities = {
							com.apple.ApplicationGroups.iOS = {
								enabled = 1;
							};
						};
					};
					F8E9B5371E27C9A600390BD3 = {
						CreatedOnToolsVersion = 8.2.1;
						DevelopmentTeam = P7PY7CP3A9;
						LastSwiftMigration = 1020;
						ProvisioningStyle = Automatic;
						SystemCapabilities = {
							com.apple.ApplicationGroups.iOS = {
								enabled = 1;
							};
						};
					};
				};
			};
			buildConfigurationList = F8E9B5331E27C9A500390BD3 /* Build configuration list for PBXProject "T-Shifts" */;
			compatibilityVersion = "Xcode 8.0";
			developmentRegion = en;
			hasScannedForEncodings = 0;
			knownRegions = (
				en,
				Base,
				it,
			);
			mainGroup = F8E9B52F1E27C9A500390BD3;
			productRefGroup = F8E9B5391E27C9A600390BD3 /* Products */;
			projectDirPath = "";
			projectRoot = "";
			targets = (
				F8E9B5371E27C9A600390BD3 /* T-Shifts */,
				F8C7F259219AF9FC00E0FDA2 /* TShifts Today Widget */,
				F8BC6131221B03EE00907179 /* TShiftsFramework */,
			);
		};
/* End PBXProject section */

/* Begin PBXResourcesBuildPhase section */
		F8BC6130221B03EE00907179 /* Resources */ = {
			isa = PBXResourcesBuildPhase;
			buildActionMask = 2147483647;
			files = (
			);
			runOnlyForDeploymentPostprocessing = 0;
		};
		F8C7F258219AF9FC00E0FDA2 /* Resources */ = {
			isa = PBXResourcesBuildPhase;
			buildActionMask = 2147483647;
			files = (
				F8C7F262219AF9FC00E0FDA2 /* MainInterface.storyboard in Resources */,
			);
			runOnlyForDeploymentPostprocessing = 0;
		};
		F8E9B5361E27C9A600390BD3 /* Resources */ = {
			isa = PBXResourcesBuildPhase;
			buildActionMask = 2147483647;
			files = (
				F8E9B5461E27C9A600390BD3 /* LaunchScreen.storyboard in Resources */,
				F8E9B5431E27C9A600390BD3 /* Assets.xcassets in Resources */,
				F8FBD3D01E7B41B30072A307 /* Options.plist in Resources */,
				F89D613D1E5C80990060911E /* MarkButtonsArrayView.xib in Resources */,
				F8E9B5411E27C9A600390BD3 /* Main.storyboard in Resources */,
				F833BB291E79801A00EA3BB2 /* Localizable.strings in Resources */,
				F8AD5F3E1E706CD500C88FD2 /* SecurePanelView.xib in Resources */,
				F833BB331E79801B00EA3BB2 /* InfoPlist.strings in Resources */,
				F814F8B01E4CB60700E67057 /* DayCellView.xib in Resources */,
			);
			runOnlyForDeploymentPostprocessing = 0;
		};
/* End PBXResourcesBuildPhase section */

/* Begin PBXShellScriptBuildPhase section */
		F814F8B61E4CBB8000E67057 /* ShellScript */ = {
			isa = PBXShellScriptBuildPhase;
			buildActionMask = 2147483647;
			files = (
			);
			inputPaths = (
				"$(SRCROOT)/Carthage/Build/iOS/JTAppleCalendar.framework",
				"$(SRCROOT)/Carthage/Build/iOS/EasyTipView.framework",
			);
			outputPaths = (
			);
			runOnlyForDeploymentPostprocessing = 0;
			shellPath = /bin/sh;
			shellScript = "/usr/local/bin/carthage copy-frameworks\n";
		};
/* End PBXShellScriptBuildPhase section */

/* Begin PBXSourcesBuildPhase section */
		F8BC612E221B03EE00907179 /* Sources */ = {
			isa = PBXSourcesBuildPhase;
			buildActionMask = 2147483647;
			files = (
				F8BC6159221B045E00907179 /* Errors.swift in Sources */,
				F8BC6151221B045300907179 /* AttributedString+LinkAttributes.swift in Sources */,
				F8BC615B221B045E00907179 /* ShiftsModel.swift in Sources */,
				F8BC6157221B045E00907179 /* Date+Utils.swift in Sources */,
				F8BC615A221B045E00907179 /* Options.swift in Sources */,
				F8BC6158221B045E00907179 /* Int+DayConversions.swift in Sources */,
			);
			runOnlyForDeploymentPostprocessing = 0;
		};
		F8C7F256219AF9FC00E0FDA2 /* Sources */ = {
			isa = PBXSourcesBuildPhase;
			buildActionMask = 2147483647;
			files = (
				F8C7F25F219AF9FC00E0FDA2 /* TodayViewController.swift in Sources */,
				F8C7F26D219B0C7100E0FDA2 /* WidgetTableViewCell.swift in Sources */,
			);
			runOnlyForDeploymentPostprocessing = 0;
		};
		F8E9B5341E27C9A600390BD3 /* Sources */ = {
			isa = PBXSourcesBuildPhase;
			buildActionMask = 2147483647;
			files = (
				F896DC151E8918F00054F2BF /* SSRadioButtonsController.swift in Sources */,
				F8DBA7831E8A6601003D0E87 /* OptionsViewController+OptionsHandling.swift in Sources */,
				F8E9B53E1E27C9A600390BD3 /* MainViewController.swift in Sources */,
				F87E5D531E84064700946699 /* OptionsViewController.swift in Sources */,
				F89D61451E5D98C40060911E /* MarkButtonsArrayView.swift in Sources */,
				F814F8B41E4CB71700E67057 /* MainViewController+CalendarDelegates.swift in Sources */,
				F85361BE219C308A000B6303 /* SpotlightIndexer.swift in Sources */,
				F89D61431E5C941D0060911E /* DayInfoView.swift in Sources */,
				F847D6E11E48C26A007B8847 /* SegueFromLeft.swift in Sources */,
				F86B38941E7AE8900009B9D0 /* MainViewController+DayInfoViewDelegate.swift in Sources */,
				F8E9B53C1E27C9A600390BD3 /* AppDelegate.swift in Sources */,
				F814F8B21E4CB65800E67057 /* DayCellView.swift in Sources */,
				F86B38921E7AC7B90009B9D0 /* AppDelegateStateHandling.swift in Sources */,
				F896DC141E8918F00054F2BF /* SSRadioButton.swift in Sources */,
				F89D613F1E5C81840060911E /* MarkButton.swift in Sources */,
				F89D613B1E5C6E4D0060911E /* MarksDisplayView.swift in Sources */,
				F8F161B72147EC0F002477F1 /* DayInfoViewSecurePanelExtension.swift in Sources */,
			);
			runOnlyForDeploymentPostprocessing = 0;
		};
/* End PBXSourcesBuildPhase section */

/* Begin PBXTargetDependency section */
		F8BC6146221B03EE00907179 /* PBXTargetDependency */ = {
			isa = PBXTargetDependency;
			target = F8BC6131221B03EE00907179 /* TShiftsFramework */;
			targetProxy = F8BC6145221B03EE00907179 /* PBXContainerItemProxy */;
		};
		F8BC615E221B050700907179 /* PBXTargetDependency */ = {
			isa = PBXTargetDependency;
			target = F8BC6131221B03EE00907179 /* TShiftsFramework */;
			targetProxy = F8BC615D221B050700907179 /* PBXContainerItemProxy */;
		};
		F8C7F265219AF9FC00E0FDA2 /* PBXTargetDependency */ = {
			isa = PBXTargetDependency;
			target = F8C7F259219AF9FC00E0FDA2 /* TShifts Today Widget */;
			targetProxy = F8C7F264219AF9FC00E0FDA2 /* PBXContainerItemProxy */;
		};
/* End PBXTargetDependency section */

/* Begin PBXVariantGroup section */
		F833BB2B1E79801A00EA3BB2 /* Localizable.strings */ = {
			isa = PBXVariantGroup;
			children = (
				F833BB2A1E79801A00EA3BB2 /* it */,
			);
			name = Localizable.strings;
			sourceTree = "<group>";
		};
		F833BB301E79801A00EA3BB2 /* InfoPlist.strings */ = {
			isa = PBXVariantGroup;
			children = (
				F833BB2F1E79801A00EA3BB2 /* it */,
			);
			name = InfoPlist.strings;
			sourceTree = "<group>";
		};
		F833BB351E79801B00EA3BB2 /* InfoPlist.strings */ = {
			isa = PBXVariantGroup;
			children = (
				F833BB341E79801B00EA3BB2 /* it */,
				F87E5D511E83C89300946699 /* en */,
			);
			name = InfoPlist.strings;
			sourceTree = "<group>";
		};
		F833BB3A1E79801B00EA3BB2 /* InfoPlist.strings */ = {
			isa = PBXVariantGroup;
			children = (
				F833BB391E79801B00EA3BB2 /* it */,
			);
			name = InfoPlist.strings;
			sourceTree = "<group>";
		};
		F8C7F260219AF9FC00E0FDA2 /* MainInterface.storyboard */ = {
			isa = PBXVariantGroup;
			children = (
				F8C7F261219AF9FC00E0FDA2 /* Base */,
			);
			name = MainInterface.storyboard;
			sourceTree = "<group>";
		};
		F8E9B53F1E27C9A600390BD3 /* Main.storyboard */ = {
			isa = PBXVariantGroup;
			children = (
				F8E9B5401E27C9A600390BD3 /* Base */,
				F833BB1F1E794CF000EA3BB2 /* en */,
				F833BB251E797F4F00EA3BB2 /* it */,
			);
			name = Main.storyboard;
			sourceTree = "<group>";
		};
		F8E9B5441E27C9A600390BD3 /* LaunchScreen.storyboard */ = {
			isa = PBXVariantGroup;
			children = (
				F8E9B5451E27C9A600390BD3 /* Base */,
				F833BB261E797F4F00EA3BB2 /* it */,
			);
			name = LaunchScreen.storyboard;
			sourceTree = "<group>";
		};
		F8FBD3D21E7B41B30072A307 /* Options.plist */ = {
			isa = PBXVariantGroup;
			children = (
				F8FBD3D11E7B41B30072A307 /* en */,
				F8FBD3D31E7B4D810072A307 /* it */,
			);
			name = Options.plist;
			sourceTree = "<group>";
		};
/* End PBXVariantGroup section */

/* Begin XCBuildConfiguration section */
		F8BC614A221B03EE00907179 /* Debug */ = {
			isa = XCBuildConfiguration;
			buildSettings = {
				APPLICATION_EXTENSION_API_ONLY = YES;
				CLANG_ANALYZER_NUMBER_OBJECT_CONVERSION = YES_AGGRESSIVE;
				CLANG_CXX_LANGUAGE_STANDARD = "gnu++14";
				CLANG_ENABLE_OBJC_WEAK = YES;
				CLANG_WARN_UNGUARDED_AVAILABILITY = YES_AGGRESSIVE;
				CODE_SIGN_IDENTITY = "";
				CODE_SIGN_STYLE = Automatic;
				CURRENT_PROJECT_VERSION = 1;
				DEFINES_MODULE = YES;
				DEVELOPMENT_TEAM = P7PY7CP3A9;
				DYLIB_COMPATIBILITY_VERSION = 1;
				DYLIB_CURRENT_VERSION = 1;
				DYLIB_INSTALL_NAME_BASE = "@rpath";
				GCC_C_LANGUAGE_STANDARD = gnu11;
				INFOPLIST_FILE = TShiftsFramework/Info.plist;
				INSTALL_PATH = "$(LOCAL_LIBRARY_DIR)/Frameworks";
				IPHONEOS_DEPLOYMENT_TARGET = 12.2;
				LD_RUNPATH_SEARCH_PATHS = "$(inherited) @executable_path/Frameworks @loader_path/Frameworks";
				MTL_ENABLE_DEBUG_INFO = INCLUDE_SOURCE;
				MTL_FAST_MATH = YES;
				PRODUCT_BUNDLE_IDENTIFIER = org.boborbt.tshift.TShiftsFramework;
				PRODUCT_NAME = "$(TARGET_NAME:c99extidentifier)";
				SKIP_INSTALL = YES;
				SWIFT_VERSION = 5.0;
				TARGETED_DEVICE_FAMILY = "1,2";
				VERSIONING_SYSTEM = "apple-generic";
				VERSION_INFO_PREFIX = "";
			};
			name = Debug;
		};
		F8BC614B221B03EE00907179 /* Release */ = {
			isa = XCBuildConfiguration;
			buildSettings = {
				APPLICATION_EXTENSION_API_ONLY = YES;
				CLANG_ANALYZER_NUMBER_OBJECT_CONVERSION = YES_AGGRESSIVE;
				CLANG_CXX_LANGUAGE_STANDARD = "gnu++14";
				CLANG_ENABLE_OBJC_WEAK = YES;
				CLANG_WARN_UNGUARDED_AVAILABILITY = YES_AGGRESSIVE;
				CODE_SIGN_IDENTITY = "";
				CODE_SIGN_STYLE = Automatic;
				CURRENT_PROJECT_VERSION = 1;
				DEFINES_MODULE = YES;
				DEVELOPMENT_TEAM = P7PY7CP3A9;
				DYLIB_COMPATIBILITY_VERSION = 1;
				DYLIB_CURRENT_VERSION = 1;
				DYLIB_INSTALL_NAME_BASE = "@rpath";
				GCC_C_LANGUAGE_STANDARD = gnu11;
				INFOPLIST_FILE = TShiftsFramework/Info.plist;
				INSTALL_PATH = "$(LOCAL_LIBRARY_DIR)/Frameworks";
				IPHONEOS_DEPLOYMENT_TARGET = 12.2;
				LD_RUNPATH_SEARCH_PATHS = "$(inherited) @executable_path/Frameworks @loader_path/Frameworks";
				MTL_FAST_MATH = YES;
				PRODUCT_BUNDLE_IDENTIFIER = org.boborbt.tshift.TShiftsFramework;
				PRODUCT_NAME = "$(TARGET_NAME:c99extidentifier)";
				SKIP_INSTALL = YES;
				SWIFT_VERSION = 5.0;
				TARGETED_DEVICE_FAMILY = "1,2";
				VERSIONING_SYSTEM = "apple-generic";
				VERSION_INFO_PREFIX = "";
			};
			name = Release;
		};
		F8C7F268219AF9FC00E0FDA2 /* Debug */ = {
			isa = XCBuildConfiguration;
			buildSettings = {
				CLANG_ANALYZER_NUMBER_OBJECT_CONVERSION = YES_AGGRESSIVE;
				CLANG_CXX_LANGUAGE_STANDARD = "gnu++14";
				CLANG_ENABLE_OBJC_WEAK = YES;
				CLANG_WARN_UNGUARDED_AVAILABILITY = YES_AGGRESSIVE;
				CODE_SIGN_ENTITLEMENTS = "TShifts Today Widget/TShifts Today Widget.entitlements";
				CODE_SIGN_IDENTITY = "iPhone Developer";
				CODE_SIGN_STYLE = Automatic;
				DEVELOPMENT_TEAM = P7PY7CP3A9;
				GCC_C_LANGUAGE_STANDARD = gnu11;
				INFOPLIST_FILE = "TShifts Today Widget/Info.plist";
				IPHONEOS_DEPLOYMENT_TARGET = 12.2;
				LD_RUNPATH_SEARCH_PATHS = "$(inherited) @executable_path/Frameworks @executable_path/../../Frameworks";
				MTL_ENABLE_DEBUG_INFO = INCLUDE_SOURCE;
				MTL_FAST_MATH = YES;
				PRODUCT_BUNDLE_IDENTIFIER = "org.boborbt.tshift.TShifts-Today-Widget";
				PRODUCT_NAME = "$(TARGET_NAME)";
				SKIP_INSTALL = YES;
				SWIFT_VERSION = 5.0;
				TARGETED_DEVICE_FAMILY = "1,2";
			};
			name = Debug;
		};
		F8C7F269219AF9FC00E0FDA2 /* Release */ = {
			isa = XCBuildConfiguration;
			buildSettings = {
				CLANG_ANALYZER_NUMBER_OBJECT_CONVERSION = YES_AGGRESSIVE;
				CLANG_CXX_LANGUAGE_STANDARD = "gnu++14";
				CLANG_ENABLE_OBJC_WEAK = YES;
				CLANG_WARN_UNGUARDED_AVAILABILITY = YES_AGGRESSIVE;
				CODE_SIGN_ENTITLEMENTS = "TShifts Today Widget/TShifts Today Widget.entitlements";
				CODE_SIGN_IDENTITY = "iPhone Developer";
				CODE_SIGN_STYLE = Automatic;
				DEVELOPMENT_TEAM = P7PY7CP3A9;
				GCC_C_LANGUAGE_STANDARD = gnu11;
				INFOPLIST_FILE = "TShifts Today Widget/Info.plist";
				IPHONEOS_DEPLOYMENT_TARGET = 12.2;
				LD_RUNPATH_SEARCH_PATHS = "$(inherited) @executable_path/Frameworks @executable_path/../../Frameworks";
				MTL_FAST_MATH = YES;
				PRODUCT_BUNDLE_IDENTIFIER = "org.boborbt.tshift.TShifts-Today-Widget";
				PRODUCT_NAME = "$(TARGET_NAME)";
				SKIP_INSTALL = YES;
				SWIFT_VERSION = 5.0;
				TARGETED_DEVICE_FAMILY = "1,2";
			};
			name = Release;
		};
		F8E9B55E1E27C9A600390BD3 /* Debug */ = {
			isa = XCBuildConfiguration;
			buildSettings = {
				ALWAYS_SEARCH_USER_PATHS = NO;
				CLANG_ANALYZER_LOCALIZABILITY_EMPTY_CONTEXT = YES;
				CLANG_ANALYZER_LOCALIZABILITY_NONLOCALIZED = YES;
				CLANG_ANALYZER_NONNULL = YES;
				CLANG_CXX_LANGUAGE_STANDARD = "gnu++0x";
				CLANG_CXX_LIBRARY = "libc++";
				CLANG_ENABLE_MODULES = YES;
				CLANG_ENABLE_OBJC_ARC = YES;
				CLANG_WARN_BLOCK_CAPTURE_AUTORELEASING = YES;
				CLANG_WARN_BOOL_CONVERSION = YES;
				CLANG_WARN_COMMA = YES;
				CLANG_WARN_CONSTANT_CONVERSION = YES;
				CLANG_WARN_DEPRECATED_OBJC_IMPLEMENTATIONS = YES;
				CLANG_WARN_DIRECT_OBJC_ISA_USAGE = YES_ERROR;
				CLANG_WARN_DOCUMENTATION_COMMENTS = YES;
				CLANG_WARN_EMPTY_BODY = YES;
				CLANG_WARN_ENUM_CONVERSION = YES;
				CLANG_WARN_INFINITE_RECURSION = YES;
				CLANG_WARN_INT_CONVERSION = YES;
				CLANG_WARN_NON_LITERAL_NULL_CONVERSION = YES;
				CLANG_WARN_OBJC_IMPLICIT_RETAIN_SELF = YES;
				CLANG_WARN_OBJC_LITERAL_CONVERSION = YES;
				CLANG_WARN_OBJC_ROOT_CLASS = YES_ERROR;
				CLANG_WARN_RANGE_LOOP_ANALYSIS = YES;
				CLANG_WARN_STRICT_PROTOTYPES = YES;
				CLANG_WARN_SUSPICIOUS_MOVE = YES;
				CLANG_WARN_UNREACHABLE_CODE = YES;
				CLANG_WARN__DUPLICATE_METHOD_MATCH = YES;
				"CODE_SIGN_IDENTITY[sdk=iphoneos*]" = "iPhone Developer";
				COPY_PHASE_STRIP = NO;
				DEBUG_INFORMATION_FORMAT = dwarf;
				ENABLE_STRICT_OBJC_MSGSEND = YES;
				ENABLE_TESTABILITY = YES;
				GCC_C_LANGUAGE_STANDARD = gnu99;
				GCC_DYNAMIC_NO_PIC = NO;
				GCC_NO_COMMON_BLOCKS = YES;
				GCC_OPTIMIZATION_LEVEL = 0;
				GCC_PREPROCESSOR_DEFINITIONS = (
					"DEBUG=1",
					"$(inherited)",
				);
				GCC_WARN_64_TO_32_BIT_CONVERSION = YES;
				GCC_WARN_ABOUT_RETURN_TYPE = YES_ERROR;
				GCC_WARN_UNDECLARED_SELECTOR = YES;
				GCC_WARN_UNINITIALIZED_AUTOS = YES_AGGRESSIVE;
				GCC_WARN_UNUSED_FUNCTION = YES;
				GCC_WARN_UNUSED_VARIABLE = YES;
				IPHONEOS_DEPLOYMENT_TARGET = 10.2;
				MTL_ENABLE_DEBUG_INFO = YES;
				ONLY_ACTIVE_ARCH = YES;
				SDKROOT = iphoneos;
				SWIFT_ACTIVE_COMPILATION_CONDITIONS = DEBUG;
				SWIFT_OPTIMIZATION_LEVEL = "-Onone";
				SWIFT_SWIFT3_OBJC_INFERENCE = Off;
			};
			name = Debug;
		};
		F8E9B55F1E27C9A600390BD3 /* Release */ = {
			isa = XCBuildConfiguration;
			buildSettings = {
				ALWAYS_SEARCH_USER_PATHS = NO;
				CLANG_ANALYZER_LOCALIZABILITY_EMPTY_CONTEXT = YES;
				CLANG_ANALYZER_LOCALIZABILITY_NONLOCALIZED = YES;
				CLANG_ANALYZER_NONNULL = YES;
				CLANG_CXX_LANGUAGE_STANDARD = "gnu++0x";
				CLANG_CXX_LIBRARY = "libc++";
				CLANG_ENABLE_MODULES = YES;
				CLANG_ENABLE_OBJC_ARC = YES;
				CLANG_WARN_BLOCK_CAPTURE_AUTORELEASING = YES;
				CLANG_WARN_BOOL_CONVERSION = YES;
				CLANG_WARN_COMMA = YES;
				CLANG_WARN_CONSTANT_CONVERSION = YES;
				CLANG_WARN_DEPRECATED_OBJC_IMPLEMENTATIONS = YES;
				CLANG_WARN_DIRECT_OBJC_ISA_USAGE = YES_ERROR;
				CLANG_WARN_DOCUMENTATION_COMMENTS = YES;
				CLANG_WARN_EMPTY_BODY = YES;
				CLANG_WARN_ENUM_CONVERSION = YES;
				CLANG_WARN_INFINITE_RECURSION = YES;
				CLANG_WARN_INT_CONVERSION = YES;
				CLANG_WARN_NON_LITERAL_NULL_CONVERSION = YES;
				CLANG_WARN_OBJC_IMPLICIT_RETAIN_SELF = YES;
				CLANG_WARN_OBJC_LITERAL_CONVERSION = YES;
				CLANG_WARN_OBJC_ROOT_CLASS = YES_ERROR;
				CLANG_WARN_RANGE_LOOP_ANALYSIS = YES;
				CLANG_WARN_STRICT_PROTOTYPES = YES;
				CLANG_WARN_SUSPICIOUS_MOVE = YES;
				CLANG_WARN_UNREACHABLE_CODE = YES;
				CLANG_WARN__DUPLICATE_METHOD_MATCH = YES;
				"CODE_SIGN_IDENTITY[sdk=iphoneos*]" = "iPhone Developer";
				COPY_PHASE_STRIP = NO;
				DEBUG_INFORMATION_FORMAT = "dwarf-with-dsym";
				ENABLE_NS_ASSERTIONS = NO;
				ENABLE_STRICT_OBJC_MSGSEND = YES;
				GCC_C_LANGUAGE_STANDARD = gnu99;
				GCC_NO_COMMON_BLOCKS = YES;
				GCC_WARN_64_TO_32_BIT_CONVERSION = YES;
				GCC_WARN_ABOUT_RETURN_TYPE = YES_ERROR;
				GCC_WARN_UNDECLARED_SELECTOR = YES;
				GCC_WARN_UNINITIALIZED_AUTOS = YES_AGGRESSIVE;
				GCC_WARN_UNUSED_FUNCTION = YES;
				GCC_WARN_UNUSED_VARIABLE = YES;
				IPHONEOS_DEPLOYMENT_TARGET = 10.2;
				MTL_ENABLE_DEBUG_INFO = NO;
				SDKROOT = iphoneos;
				SWIFT_OPTIMIZATION_LEVEL = "-Owholemodule";
				SWIFT_SWIFT3_OBJC_INFERENCE = Off;
				VALIDATE_PRODUCT = YES;
			};
			name = Release;
		};
		F8E9B5611E27C9A600390BD3 /* Debug */ = {
			isa = XCBuildConfiguration;
			buildSettings = {
				ALWAYS_EMBED_SWIFT_STANDARD_LIBRARIES = YES;
				ASSETCATALOG_COMPILER_APPICON_NAME = AppIcon;
				CLANG_ANALYZER_LOCALIZABILITY_EMPTY_CONTEXT = YES;
				CLANG_ANALYZER_LOCALIZABILITY_NONLOCALIZED = YES;
				CODE_SIGN_ENTITLEMENTS = "T-Shifts/T-Shifts.entitlements";
				CODE_SIGN_IDENTITY = "iPhone Developer";
				DEVELOPMENT_TEAM = P7PY7CP3A9;
				FRAMEWORK_SEARCH_PATHS = (
					"$(inherited)",
					"$(PROJECT_DIR)/Carthage/Build/iOS",
					"$(PROJECT_DIR)",
				);
				INFOPLIST_FILE = "T-Shifts/Info.plist";
				IPHONEOS_DEPLOYMENT_TARGET = 12.2;
				LD_RUNPATH_SEARCH_PATHS = "$(inherited) @executable_path/Frameworks";
				OTHER_LDFLAGS = "";
				PRODUCT_BUNDLE_IDENTIFIER = org.boborbt.tshift;
				PRODUCT_NAME = "$(TARGET_NAME)";
				SWIFT_VERSION = 5.0;
				TARGETED_DEVICE_FAMILY = 1;
			};
			name = Debug;
		};
		F8E9B5621E27C9A600390BD3 /* Release */ = {
			isa = XCBuildConfiguration;
			buildSettings = {
				ALWAYS_EMBED_SWIFT_STANDARD_LIBRARIES = YES;
				ASSETCATALOG_COMPILER_APPICON_NAME = AppIcon;
				CLANG_ANALYZER_LOCALIZABILITY_EMPTY_CONTEXT = YES;
				CLANG_ANALYZER_LOCALIZABILITY_NONLOCALIZED = YES;
				CODE_SIGN_ENTITLEMENTS = "T-Shifts/T-Shifts.entitlements";
				CODE_SIGN_IDENTITY = "iPhone Developer";
				DEVELOPMENT_TEAM = P7PY7CP3A9;
				FRAMEWORK_SEARCH_PATHS = (
					"$(inherited)",
					"$(PROJECT_DIR)/Carthage/Build/iOS",
					"$(PROJECT_DIR)",
				);
				INFOPLIST_FILE = "T-Shifts/Info.plist";
				IPHONEOS_DEPLOYMENT_TARGET = 12.2;
				LD_RUNPATH_SEARCH_PATHS = "$(inherited) @executable_path/Frameworks";
				OTHER_LDFLAGS = "";
				PRODUCT_BUNDLE_IDENTIFIER = org.boborbt.tshift;
				PRODUCT_NAME = "$(TARGET_NAME)";
				SWIFT_VERSION = 5.0;
				TARGETED_DEVICE_FAMILY = 1;
			};
			name = Release;
		};
/* End XCBuildConfiguration section */

/* Begin XCConfigurationList section */
		F8BC6149221B03EE00907179 /* Build configuration list for PBXNativeTarget "TShiftsFramework" */ = {
			isa = XCConfigurationList;
			buildConfigurations = (
				F8BC614A221B03EE00907179 /* Debug */,
				F8BC614B221B03EE00907179 /* Release */,
			);
			defaultConfigurationIsVisible = 0;
			defaultConfigurationName = Release;
		};
		F8C7F267219AF9FC00E0FDA2 /* Build configuration list for PBXNativeTarget "TShifts Today Widget" */ = {
			isa = XCConfigurationList;
			buildConfigurations = (
				F8C7F268219AF9FC00E0FDA2 /* Debug */,
				F8C7F269219AF9FC00E0FDA2 /* Release */,
			);
			defaultConfigurationIsVisible = 0;
			defaultConfigurationName = Release;
		};
		F8E9B5331E27C9A500390BD3 /* Build configuration list for PBXProject "T-Shifts" */ = {
			isa = XCConfigurationList;
			buildConfigurations = (
				F8E9B55E1E27C9A600390BD3 /* Debug */,
				F8E9B55F1E27C9A600390BD3 /* Release */,
			);
			defaultConfigurationIsVisible = 0;
			defaultConfigurationName = Release;
		};
		F8E9B5601E27C9A600390BD3 /* Build configuration list for PBXNativeTarget "T-Shifts" */ = {
			isa = XCConfigurationList;
			buildConfigurations = (
				F8E9B5611E27C9A600390BD3 /* Debug */,
				F8E9B5621E27C9A600390BD3 /* Release */,
			);
			defaultConfigurationIsVisible = 0;
			defaultConfigurationName = Release;
		};
/* End XCConfigurationList section */
	};
	rootObject = F8E9B5301E27C9A500390BD3 /* Project object */;
}
