// !$*UTF8*$!
{
	archiveVersion = 1;
	classes = {
	};
	objectVersion = 46;
	objects = {

/* Begin PBXBuildFile section */
		F81B8ED91E2E63BC00731408 /* Options.plist in Resources */ = {isa = PBXBuildFile; fileRef = F81B8ED81E2E63BC00731408 /* Options.plist */; };
		F81D260C1E36693500B61E66 /* PreferenceViewController.swift in Sources */ = {isa = PBXBuildFile; fileRef = F81D260B1E36693500B61E66 /* PreferenceViewController.swift */; };
		F847D6DB1E44854C007B8847 /* ShiftTypesDataSource.swift in Sources */ = {isa = PBXBuildFile; fileRef = F847D6DA1E44854C007B8847 /* ShiftTypesDataSource.swift */; };
		F847D6DD1E4487FE007B8847 /* Options.swift in Sources */ = {isa = PBXBuildFile; fileRef = F847D6DC1E4487FE007B8847 /* Options.swift */; };
		F847D6DF1E44C06B007B8847 /* EditShiftTypeViewController.swift in Sources */ = {isa = PBXBuildFile; fileRef = F847D6DE1E44C06B007B8847 /* EditShiftTypeViewController.swift */; };
		F847D6E11E48C26A007B8847 /* SegueFromLeft.swift in Sources */ = {isa = PBXBuildFile; fileRef = F847D6E01E48C26A007B8847 /* SegueFromLeft.swift */; };
		F88887E71E2D3093001F4DA6 /* ShiftTableViewDelegate.swift in Sources */ = {isa = PBXBuildFile; fileRef = F88887E61E2D3093001F4DA6 /* ShiftTableViewDelegate.swift */; };
		F8AACC501E292CDE00284310 /* ShiftDataSource.swift in Sources */ = {isa = PBXBuildFile; fileRef = F8AACC4F1E292CDE00284310 /* ShiftDataSource.swift */; };
		F8AACC531E29309400284310 /* TableViewShiftCell.swift in Sources */ = {isa = PBXBuildFile; fileRef = F8AACC511E29309400284310 /* TableViewShiftCell.swift */; };
		F8AACC541E29309400284310 /* TableViewShiftCell.xib in Resources */ = {isa = PBXBuildFile; fileRef = F8AACC521E29309400284310 /* TableViewShiftCell.xib */; };
		F8B7BB3C1E3BAFB500E2304B /* NSDateExtension.swift in Sources */ = {isa = PBXBuildFile; fileRef = F8B7BB3B1E3BAFB500E2304B /* NSDateExtension.swift */; };
		F8E9B53C1E27C9A600390BD3 /* AppDelegate.swift in Sources */ = {isa = PBXBuildFile; fileRef = F8E9B53B1E27C9A600390BD3 /* AppDelegate.swift */; };
		F8E9B53E1E27C9A600390BD3 /* ViewController.swift in Sources */ = {isa = PBXBuildFile; fileRef = F8E9B53D1E27C9A600390BD3 /* ViewController.swift */; };
		F8E9B5411E27C9A600390BD3 /* Main.storyboard in Resources */ = {isa = PBXBuildFile; fileRef = F8E9B53F1E27C9A600390BD3 /* Main.storyboard */; };
		F8E9B5431E27C9A600390BD3 /* Assets.xcassets in Resources */ = {isa = PBXBuildFile; fileRef = F8E9B5421E27C9A600390BD3 /* Assets.xcassets */; };
		F8E9B5461E27C9A600390BD3 /* LaunchScreen.storyboard in Resources */ = {isa = PBXBuildFile; fileRef = F8E9B5441E27C9A600390BD3 /* LaunchScreen.storyboard */; };
		F8E9B5511E27C9A600390BD3 /* T_ShiftsTests.swift in Sources */ = {isa = PBXBuildFile; fileRef = F8E9B5501E27C9A600390BD3 /* T_ShiftsTests.swift */; };
		F8E9B55C1E27C9A600390BD3 /* T_ShiftsUITests.swift in Sources */ = {isa = PBXBuildFile; fileRef = F8E9B55B1E27C9A600390BD3 /* T_ShiftsUITests.swift */; };
		F8E9B56C1E27CCB000390BD3 /* ShiftsModel.swift in Sources */ = {isa = PBXBuildFile; fileRef = F8E9B56B1E27CCB000390BD3 /* ShiftsModel.swift */; };
/* End PBXBuildFile section */

/* Begin PBXContainerItemProxy section */
		F8E9B54D1E27C9A600390BD3 /* PBXContainerItemProxy */ = {
			isa = PBXContainerItemProxy;
			containerPortal = F8E9B5301E27C9A500390BD3 /* Project object */;
			proxyType = 1;
			remoteGlobalIDString = F8E9B5371E27C9A600390BD3;
			remoteInfo = "T-Shifts";
		};
		F8E9B5581E27C9A600390BD3 /* PBXContainerItemProxy */ = {
			isa = PBXContainerItemProxy;
			containerPortal = F8E9B5301E27C9A500390BD3 /* Project object */;
			proxyType = 1;
			remoteGlobalIDString = F8E9B5371E27C9A600390BD3;
			remoteInfo = "T-Shifts";
		};
/* End PBXContainerItemProxy section */

/* Begin PBXFileReference section */
		F814784F1E2E7C50003AE87C /* T-shift-icon-source.graffle */ = {isa = PBXFileReference; lastKnownFileType = file; path = "T-shift-icon-source.graffle"; sourceTree = "<group>"; };
		F81B8ED81E2E63BC00731408 /* Options.plist */ = {isa = PBXFileReference; fileEncoding = 4; lastKnownFileType = text.plist.xml; path = Options.plist; sourceTree = "<group>"; };
		F81D260B1E36693500B61E66 /* PreferenceViewController.swift */ = {isa = PBXFileReference; fileEncoding = 4; lastKnownFileType = sourcecode.swift; path = PreferenceViewController.swift; sourceTree = "<group>"; };
		F847D6DA1E44854C007B8847 /* ShiftTypesDataSource.swift */ = {isa = PBXFileReference; fileEncoding = 4; lastKnownFileType = sourcecode.swift; path = ShiftTypesDataSource.swift; sourceTree = "<group>"; };
		F847D6DC1E4487FE007B8847 /* Options.swift */ = {isa = PBXFileReference; fileEncoding = 4; lastKnownFileType = sourcecode.swift; path = Options.swift; sourceTree = "<group>"; };
		F847D6DE1E44C06B007B8847 /* EditShiftTypeViewController.swift */ = {isa = PBXFileReference; fileEncoding = 4; lastKnownFileType = sourcecode.swift; name = EditShiftTypeViewController.swift; path = ../EditShiftTypeViewController.swift; sourceTree = "<group>"; };
		F847D6E01E48C26A007B8847 /* SegueFromLeft.swift */ = {isa = PBXFileReference; fileEncoding = 4; lastKnownFileType = sourcecode.swift; path = SegueFromLeft.swift; sourceTree = "<group>"; };
		F88887E61E2D3093001F4DA6 /* ShiftTableViewDelegate.swift */ = {isa = PBXFileReference; fileEncoding = 4; lastKnownFileType = sourcecode.swift; path = ShiftTableViewDelegate.swift; sourceTree = "<group>"; };
		F8AACC4F1E292CDE00284310 /* ShiftDataSource.swift */ = {isa = PBXFileReference; fileEncoding = 4; lastKnownFileType = sourcecode.swift; path = ShiftDataSource.swift; sourceTree = "<group>"; };
		F8AACC511E29309400284310 /* TableViewShiftCell.swift */ = {isa = PBXFileReference; fileEncoding = 4; lastKnownFileType = sourcecode.swift; path = TableViewShiftCell.swift; sourceTree = "<group>"; };
		F8AACC521E29309400284310 /* TableViewShiftCell.xib */ = {isa = PBXFileReference; fileEncoding = 4; lastKnownFileType = file.xib; path = TableViewShiftCell.xib; sourceTree = "<group>"; };
		F8B7BB3B1E3BAFB500E2304B /* NSDateExtension.swift */ = {isa = PBXFileReference; fileEncoding = 4; lastKnownFileType = sourcecode.swift; path = NSDateExtension.swift; sourceTree = "<group>"; };
		F8E9B5381E27C9A600390BD3 /* T-Shifts.app */ = {isa = PBXFileReference; explicitFileType = wrapper.application; includeInIndex = 0; path = "T-Shifts.app"; sourceTree = BUILT_PRODUCTS_DIR; };
		F8E9B53B1E27C9A600390BD3 /* AppDelegate.swift */ = {isa = PBXFileReference; lastKnownFileType = sourcecode.swift; path = AppDelegate.swift; sourceTree = "<group>"; };
		F8E9B53D1E27C9A600390BD3 /* ViewController.swift */ = {isa = PBXFileReference; lastKnownFileType = sourcecode.swift; path = ViewController.swift; sourceTree = "<group>"; };
		F8E9B5401E27C9A600390BD3 /* Base */ = {isa = PBXFileReference; lastKnownFileType = file.storyboard; name = Base; path = Base.lproj/Main.storyboard; sourceTree = "<group>"; };
		F8E9B5421E27C9A600390BD3 /* Assets.xcassets */ = {isa = PBXFileReference; lastKnownFileType = folder.assetcatalog; path = Assets.xcassets; sourceTree = "<group>"; };
		F8E9B5451E27C9A600390BD3 /* Base */ = {isa = PBXFileReference; lastKnownFileType = file.storyboard; name = Base; path = Base.lproj/LaunchScreen.storyboard; sourceTree = "<group>"; };
		F8E9B5471E27C9A600390BD3 /* Info.plist */ = {isa = PBXFileReference; lastKnownFileType = text.plist.xml; path = Info.plist; sourceTree = "<group>"; };
		F8E9B54C1E27C9A600390BD3 /* T-ShiftsTests.xctest */ = {isa = PBXFileReference; explicitFileType = wrapper.cfbundle; includeInIndex = 0; path = "T-ShiftsTests.xctest"; sourceTree = BUILT_PRODUCTS_DIR; };
		F8E9B5501E27C9A600390BD3 /* T_ShiftsTests.swift */ = {isa = PBXFileReference; lastKnownFileType = sourcecode.swift; path = T_ShiftsTests.swift; sourceTree = "<group>"; };
		F8E9B5521E27C9A600390BD3 /* Info.plist */ = {isa = PBXFileReference; lastKnownFileType = text.plist.xml; path = Info.plist; sourceTree = "<group>"; };
		F8E9B5571E27C9A600390BD3 /* T-ShiftsUITests.xctest */ = {isa = PBXFileReference; explicitFileType = wrapper.cfbundle; includeInIndex = 0; path = "T-ShiftsUITests.xctest"; sourceTree = BUILT_PRODUCTS_DIR; };
		F8E9B55B1E27C9A600390BD3 /* T_ShiftsUITests.swift */ = {isa = PBXFileReference; lastKnownFileType = sourcecode.swift; path = T_ShiftsUITests.swift; sourceTree = "<group>"; };
		F8E9B55D1E27C9A600390BD3 /* Info.plist */ = {isa = PBXFileReference; lastKnownFileType = text.plist.xml; path = Info.plist; sourceTree = "<group>"; };
		F8E9B56B1E27CCB000390BD3 /* ShiftsModel.swift */ = {isa = PBXFileReference; fileEncoding = 4; lastKnownFileType = sourcecode.swift; name = ShiftsModel.swift; path = ../ShiftsModel.swift; sourceTree = "<group>"; };
/* End PBXFileReference section */

/* Begin PBXFrameworksBuildPhase section */
		F8E9B5351E27C9A600390BD3 /* Frameworks */ = {
			isa = PBXFrameworksBuildPhase;
			buildActionMask = 2147483647;
			files = (
			);
			runOnlyForDeploymentPostprocessing = 0;
		};
		F8E9B5491E27C9A600390BD3 /* Frameworks */ = {
			isa = PBXFrameworksBuildPhase;
			buildActionMask = 2147483647;
			files = (
			);
			runOnlyForDeploymentPostprocessing = 0;
		};
		F8E9B5541E27C9A600390BD3 /* Frameworks */ = {
			isa = PBXFrameworksBuildPhase;
			buildActionMask = 2147483647;
			files = (
			);
			runOnlyForDeploymentPostprocessing = 0;
		};
/* End PBXFrameworksBuildPhase section */

/* Begin PBXGroup section */
		F8E9B52F1E27C9A500390BD3 = {
			isa = PBXGroup;
			children = (
				F8E9B53A1E27C9A600390BD3 /* T-Shifts */,
				F8E9B54F1E27C9A600390BD3 /* T-ShiftsTests */,
				F8E9B55A1E27C9A600390BD3 /* T-ShiftsUITests */,
				F8E9B5391E27C9A600390BD3 /* Products */,
			);
			sourceTree = "<group>";
		};
		F8E9B5391E27C9A600390BD3 /* Products */ = {
			isa = PBXGroup;
			children = (
				F8E9B5381E27C9A600390BD3 /* T-Shifts.app */,
				F8E9B54C1E27C9A600390BD3 /* T-ShiftsTests.xctest */,
				F8E9B5571E27C9A600390BD3 /* T-ShiftsUITests.xctest */,
			);
			name = Products;
			sourceTree = "<group>";
		};
		F8E9B53A1E27C9A600390BD3 /* T-Shifts */ = {
			isa = PBXGroup;
			children = (
				F8E9B53B1E27C9A600390BD3 /* AppDelegate.swift */,
				F847D6DC1E4487FE007B8847 /* Options.swift */,
				F8E9B56B1E27CCB000390BD3 /* ShiftsModel.swift */,
				F8AACC4F1E292CDE00284310 /* ShiftDataSource.swift */,
				F847D6DA1E44854C007B8847 /* ShiftTypesDataSource.swift */,
				F88887E61E2D3093001F4DA6 /* ShiftTableViewDelegate.swift */,
				F8AACC511E29309400284310 /* TableViewShiftCell.swift */,
				F8E9B53D1E27C9A600390BD3 /* ViewController.swift */,
				F81D260B1E36693500B61E66 /* PreferenceViewController.swift */,
				F847D6DE1E44C06B007B8847 /* EditShiftTypeViewController.swift */,
				F8B7BB3B1E3BAFB500E2304B /* NSDateExtension.swift */,
				F8E9B5441E27C9A600390BD3 /* LaunchScreen.storyboard */,
				F8E9B53F1E27C9A600390BD3 /* Main.storyboard */,
				F847D6E01E48C26A007B8847 /* SegueFromLeft.swift */,
				F8AACC521E29309400284310 /* TableViewShiftCell.xib */,
				F8E9B5471E27C9A600390BD3 /* Info.plist */,
				F81B8ED81E2E63BC00731408 /* Options.plist */,
				F8E9B5421E27C9A600390BD3 /* Assets.xcassets */,
				F814784F1E2E7C50003AE87C /* T-shift-icon-source.graffle */,
			);
			path = "T-Shifts";
			sourceTree = "<group>";
		};
		F8E9B54F1E27C9A600390BD3 /* T-ShiftsTests */ = {
			isa = PBXGroup;
			children = (
				F8E9B5501E27C9A600390BD3 /* T_ShiftsTests.swift */,
				F8E9B5521E27C9A600390BD3 /* Info.plist */,
			);
			path = "T-ShiftsTests";
			sourceTree = "<group>";
		};
		F8E9B55A1E27C9A600390BD3 /* T-ShiftsUITests */ = {
			isa = PBXGroup;
			children = (
				F8E9B55B1E27C9A600390BD3 /* T_ShiftsUITests.swift */,
				F8E9B55D1E27C9A600390BD3 /* Info.plist */,
			);
			path = "T-ShiftsUITests";
			sourceTree = "<group>";
		};
/* End PBXGroup section */

/* Begin PBXNativeTarget section */
		F8E9B5371E27C9A600390BD3 /* T-Shifts */ = {
			isa = PBXNativeTarget;
			buildConfigurationList = F8E9B5601E27C9A600390BD3 /* Build configuration list for PBXNativeTarget "T-Shifts" */;
			buildPhases = (
				F8E9B5341E27C9A600390BD3 /* Sources */,
				F8E9B5351E27C9A600390BD3 /* Frameworks */,
				F8E9B5361E27C9A600390BD3 /* Resources */,
			);
			buildRules = (
			);
			dependencies = (
			);
			name = "T-Shifts";
			productName = "T-Shifts";
			productReference = F8E9B5381E27C9A600390BD3 /* T-Shifts.app */;
			productType = "com.apple.product-type.application";
		};
		F8E9B54B1E27C9A600390BD3 /* T-ShiftsTests */ = {
			isa = PBXNativeTarget;
			buildConfigurationList = F8E9B5631E27C9A600390BD3 /* Build configuration list for PBXNativeTarget "T-ShiftsTests" */;
			buildPhases = (
				F8E9B5481E27C9A600390BD3 /* Sources */,
				F8E9B5491E27C9A600390BD3 /* Frameworks */,
				F8E9B54A1E27C9A600390BD3 /* Resources */,
			);
			buildRules = (
			);
			dependencies = (
				F8E9B54E1E27C9A600390BD3 /* PBXTargetDependency */,
			);
			name = "T-ShiftsTests";
			productName = "T-ShiftsTests";
			productReference = F8E9B54C1E27C9A600390BD3 /* T-ShiftsTests.xctest */;
			productType = "com.apple.product-type.bundle.unit-test";
		};
		F8E9B5561E27C9A600390BD3 /* T-ShiftsUITests */ = {
			isa = PBXNativeTarget;
			buildConfigurationList = F8E9B5661E27C9A600390BD3 /* Build configuration list for PBXNativeTarget "T-ShiftsUITests" */;
			buildPhases = (
				F8E9B5531E27C9A600390BD3 /* Sources */,
				F8E9B5541E27C9A600390BD3 /* Frameworks */,
				F8E9B5551E27C9A600390BD3 /* Resources */,
			);
			buildRules = (
			);
			dependencies = (
				F8E9B5591E27C9A600390BD3 /* PBXTargetDependency */,
			);
			name = "T-ShiftsUITests";
			productName = "T-ShiftsUITests";
			productReference = F8E9B5571E27C9A600390BD3 /* T-ShiftsUITests.xctest */;
			productType = "com.apple.product-type.bundle.ui-testing";
		};
/* End PBXNativeTarget section */

/* Begin PBXProject section */
		F8E9B5301E27C9A500390BD3 /* Project object */ = {
			isa = PBXProject;
			attributes = {
				LastSwiftUpdateCheck = 0820;
				LastUpgradeCheck = 0820;
				ORGANIZATIONNAME = "Roberto Esposito";
				TargetAttributes = {
					F8E9B5371E27C9A600390BD3 = {
						CreatedOnToolsVersion = 8.2.1;
						DevelopmentTeam = 8Z99BLKDHB;
						LastSwiftMigration = 0820;
						ProvisioningStyle = Automatic;
					};
					F8E9B54B1E27C9A600390BD3 = {
						CreatedOnToolsVersion = 8.2.1;
						LastSwiftMigration = 0820;
						ProvisioningStyle = Automatic;
						TestTargetID = F8E9B5371E27C9A600390BD3;
					};
					F8E9B5561E27C9A600390BD3 = {
						CreatedOnToolsVersion = 8.2.1;
						LastSwiftMigration = 0820;
						ProvisioningStyle = Automatic;
						TestTargetID = F8E9B5371E27C9A600390BD3;
					};
				};
			};
			buildConfigurationList = F8E9B5331E27C9A500390BD3 /* Build configuration list for PBXProject "T-Shifts" */;
			compatibilityVersion = "Xcode 3.2";
			developmentRegion = English;
			hasScannedForEncodings = 0;
			knownRegions = (
				en,
				Base,
			);
			mainGroup = F8E9B52F1E27C9A500390BD3;
			productRefGroup = F8E9B5391E27C9A600390BD3 /* Products */;
			projectDirPath = "";
			projectRoot = "";
			targets = (
				F8E9B5371E27C9A600390BD3 /* T-Shifts */,
				F8E9B54B1E27C9A600390BD3 /* T-ShiftsTests */,
				F8E9B5561E27C9A600390BD3 /* T-ShiftsUITests */,
			);
		};
/* End PBXProject section */

/* Begin PBXResourcesBuildPhase section */
		F8E9B5361E27C9A600390BD3 /* Resources */ = {
			isa = PBXResourcesBuildPhase;
			buildActionMask = 2147483647;
			files = (
				F8E9B5461E27C9A600390BD3 /* LaunchScreen.storyboard in Resources */,
				F8AACC541E29309400284310 /* TableViewShiftCell.xib in Resources */,
				F8E9B5431E27C9A600390BD3 /* Assets.xcassets in Resources */,
				F81B8ED91E2E63BC00731408 /* Options.plist in Resources */,
				F8E9B5411E27C9A600390BD3 /* Main.storyboard in Resources */,
			);
			runOnlyForDeploymentPostprocessing = 0;
		};
		F8E9B54A1E27C9A600390BD3 /* Resources */ = {
			isa = PBXResourcesBuildPhase;
			buildActionMask = 2147483647;
			files = (
			);
			runOnlyForDeploymentPostprocessing = 0;
		};
		F8E9B5551E27C9A600390BD3 /* Resources */ = {
			isa = PBXResourcesBuildPhase;
			buildActionMask = 2147483647;
			files = (
			);
			runOnlyForDeploymentPostprocessing = 0;
		};
/* End PBXResourcesBuildPhase section */

/* Begin PBXSourcesBuildPhase section */
		F8E9B5341E27C9A600390BD3 /* Sources */ = {
			isa = PBXSourcesBuildPhase;
			buildActionMask = 2147483647;
			files = (
				F8AACC531E29309400284310 /* TableViewShiftCell.swift in Sources */,
				F8E9B53E1E27C9A600390BD3 /* ViewController.swift in Sources */,
				F8AACC501E292CDE00284310 /* ShiftDataSource.swift in Sources */,
				F88887E71E2D3093001F4DA6 /* ShiftTableViewDelegate.swift in Sources */,
				F8B7BB3C1E3BAFB500E2304B /* NSDateExtension.swift in Sources */,
				F847D6DF1E44C06B007B8847 /* EditShiftTypeViewController.swift in Sources */,
				F847D6E11E48C26A007B8847 /* SegueFromLeft.swift in Sources */,
				F8E9B53C1E27C9A600390BD3 /* AppDelegate.swift in Sources */,
				F81D260C1E36693500B61E66 /* PreferenceViewController.swift in Sources */,
				F847D6DB1E44854C007B8847 /* ShiftTypesDataSource.swift in Sources */,
				F847D6DD1E4487FE007B8847 /* Options.swift in Sources */,
				F8E9B56C1E27CCB000390BD3 /* ShiftsModel.swift in Sources */,
			);
			runOnlyForDeploymentPostprocessing = 0;
		};
		F8E9B5481E27C9A600390BD3 /* Sources */ = {
			isa = PBXSourcesBuildPhase;
			buildActionMask = 2147483647;
			files = (
				F8E9B5511E27C9A600390BD3 /* T_ShiftsTests.swift in Sources */,
			);
			runOnlyForDeploymentPostprocessing = 0;
		};
		F8E9B5531E27C9A600390BD3 /* Sources */ = {
			isa = PBXSourcesBuildPhase;
			buildActionMask = 2147483647;
			files = (
				F8E9B55C1E27C9A600390BD3 /* T_ShiftsUITests.swift in Sources */,
			);
			runOnlyForDeploymentPostprocessing = 0;
		};
/* End PBXSourcesBuildPhase section */

/* Begin PBXTargetDependency section */
		F8E9B54E1E27C9A600390BD3 /* PBXTargetDependency */ = {
			isa = PBXTargetDependency;
			target = F8E9B5371E27C9A600390BD3 /* T-Shifts */;
			targetProxy = F8E9B54D1E27C9A600390BD3 /* PBXContainerItemProxy */;
		};
		F8E9B5591E27C9A600390BD3 /* PBXTargetDependency */ = {
			isa = PBXTargetDependency;
			target = F8E9B5371E27C9A600390BD3 /* T-Shifts */;
			targetProxy = F8E9B5581E27C9A600390BD3 /* PBXContainerItemProxy */;
		};
/* End PBXTargetDependency section */

/* Begin PBXVariantGroup section */
		F8E9B53F1E27C9A600390BD3 /* Main.storyboard */ = {
			isa = PBXVariantGroup;
			children = (
				F8E9B5401E27C9A600390BD3 /* Base */,
			);
			name = Main.storyboard;
			sourceTree = "<group>";
		};
		F8E9B5441E27C9A600390BD3 /* LaunchScreen.storyboard */ = {
			isa = PBXVariantGroup;
			children = (
				F8E9B5451E27C9A600390BD3 /* Base */,
			);
			name = LaunchScreen.storyboard;
			sourceTree = "<group>";
		};
/* End PBXVariantGroup section */

/* Begin XCBuildConfiguration section */
		F8E9B55E1E27C9A600390BD3 /* Debug */ = {
			isa = XCBuildConfiguration;
			buildSettings = {
				ALWAYS_SEARCH_USER_PATHS = NO;
				CLANG_ANALYZER_NONNULL = YES;
				CLANG_CXX_LANGUAGE_STANDARD = "gnu++0x";
				CLANG_CXX_LIBRARY = "libc++";
				CLANG_ENABLE_MODULES = YES;
				CLANG_ENABLE_OBJC_ARC = YES;
				CLANG_WARN_BOOL_CONVERSION = YES;
				CLANG_WARN_CONSTANT_CONVERSION = YES;
				CLANG_WARN_DIRECT_OBJC_ISA_USAGE = YES_ERROR;
				CLANG_WARN_DOCUMENTATION_COMMENTS = YES;
				CLANG_WARN_EMPTY_BODY = YES;
				CLANG_WARN_ENUM_CONVERSION = YES;
				CLANG_WARN_INFINITE_RECURSION = YES;
				CLANG_WARN_INT_CONVERSION = YES;
				CLANG_WARN_OBJC_ROOT_CLASS = YES_ERROR;
				CLANG_WARN_SUSPICIOUS_MOVE = YES;
				CLANG_WARN_UNREACHABLE_CODE = YES;
				CLANG_WARN__DUPLICATE_METHOD_MATCH = YES;
				"CODE_SIGN_IDENTITY[sdk=iphoneos*]" = "iPhone Developer";
				COPY_PHASE_STRIP = NO;
				DEBUG_INFORMATION_FORMAT = dwarf;
				ENABLE_STRICT_OBJC_MSGSEND = YES;
				ENABLE_TESTABILITY = YES;
				GCC_C_LANGUAGE_STANDARD = gnu99;
				GCC_DYNAMIC_NO_PIC = NO;
				GCC_NO_COMMON_BLOCKS = YES;
				GCC_OPTIMIZATION_LEVEL = 0;
				GCC_PREPROCESSOR_DEFINITIONS = (
					"DEBUG=1",
					"$(inherited)",
				);
				GCC_WARN_64_TO_32_BIT_CONVERSION = YES;
				GCC_WARN_ABOUT_RETURN_TYPE = YES_ERROR;
				GCC_WARN_UNDECLARED_SELECTOR = YES;
				GCC_WARN_UNINITIALIZED_AUTOS = YES_AGGRESSIVE;
				GCC_WARN_UNUSED_FUNCTION = YES;
				GCC_WARN_UNUSED_VARIABLE = YES;
				IPHONEOS_DEPLOYMENT_TARGET = 10.2;
				MTL_ENABLE_DEBUG_INFO = YES;
				ONLY_ACTIVE_ARCH = YES;
				SDKROOT = iphoneos;
				SWIFT_ACTIVE_COMPILATION_CONDITIONS = DEBUG;
				SWIFT_OPTIMIZATION_LEVEL = "-Onone";
			};
			name = Debug;
		};
		F8E9B55F1E27C9A600390BD3 /* Release */ = {
			isa = XCBuildConfiguration;
			buildSettings = {
				ALWAYS_SEARCH_USER_PATHS = NO;
				CLANG_ANALYZER_NONNULL = YES;
				CLANG_CXX_LANGUAGE_STANDARD = "gnu++0x";
				CLANG_CXX_LIBRARY = "libc++";
				CLANG_ENABLE_MODULES = YES;
				CLANG_ENABLE_OBJC_ARC = YES;
				CLANG_WARN_BOOL_CONVERSION = YES;
				CLANG_WARN_CONSTANT_CONVERSION = YES;
				CLANG_WARN_DIRECT_OBJC_ISA_USAGE = YES_ERROR;
				CLANG_WARN_DOCUMENTATION_COMMENTS = YES;
				CLANG_WARN_EMPTY_BODY = YES;
				CLANG_WARN_ENUM_CONVERSION = YES;
				CLANG_WARN_INFINITE_RECURSION = YES;
				CLANG_WARN_INT_CONVERSION = YES;
				CLANG_WARN_OBJC_ROOT_CLASS = YES_ERROR;
				CLANG_WARN_SUSPICIOUS_MOVE = YES;
				CLANG_WARN_UNREACHABLE_CODE = YES;
				CLANG_WARN__DUPLICATE_METHOD_MATCH = YES;
				"CODE_SIGN_IDENTITY[sdk=iphoneos*]" = "iPhone Developer";
				COPY_PHASE_STRIP = NO;
				DEBUG_INFORMATION_FORMAT = "dwarf-with-dsym";
				ENABLE_NS_ASSERTIONS = NO;
				ENABLE_STRICT_OBJC_MSGSEND = YES;
				GCC_C_LANGUAGE_STANDARD = gnu99;
				GCC_NO_COMMON_BLOCKS = YES;
				GCC_WARN_64_TO_32_BIT_CONVERSION = YES;
				GCC_WARN_ABOUT_RETURN_TYPE = YES_ERROR;
				GCC_WARN_UNDECLARED_SELECTOR = YES;
				GCC_WARN_UNINITIALIZED_AUTOS = YES_AGGRESSIVE;
				GCC_WARN_UNUSED_FUNCTION = YES;
				GCC_WARN_UNUSED_VARIABLE = YES;
				IPHONEOS_DEPLOYMENT_TARGET = 10.2;
				MTL_ENABLE_DEBUG_INFO = NO;
				SDKROOT = iphoneos;
				SWIFT_OPTIMIZATION_LEVEL = "-Owholemodule";
				VALIDATE_PRODUCT = YES;
			};
			name = Release;
		};
		F8E9B5611E27C9A600390BD3 /* Debug */ = {
			isa = XCBuildConfiguration;
			buildSettings = {
				ASSETCATALOG_COMPILER_APPICON_NAME = AppIcon;
				DEVELOPMENT_TEAM = 8Z99BLKDHB;
				INFOPLIST_FILE = "T-Shifts/Info.plist";
				LD_RUNPATH_SEARCH_PATHS = "$(inherited) @executable_path/Frameworks";
				PRODUCT_BUNDLE_IDENTIFIER = "boborbt.T-Shifts";
				PRODUCT_NAME = "$(TARGET_NAME)";
				SWIFT_VERSION = 3.0;
			};
			name = Debug;
		};
		F8E9B5621E27C9A600390BD3 /* Release */ = {
			isa = XCBuildConfiguration;
			buildSettings = {
				ASSETCATALOG_COMPILER_APPICON_NAME = AppIcon;
				DEVELOPMENT_TEAM = 8Z99BLKDHB;
				INFOPLIST_FILE = "T-Shifts/Info.plist";
				LD_RUNPATH_SEARCH_PATHS = "$(inherited) @executable_path/Frameworks";
				PRODUCT_BUNDLE_IDENTIFIER = "boborbt.T-Shifts";
				PRODUCT_NAME = "$(TARGET_NAME)";
				SWIFT_VERSION = 3.0;
			};
			name = Release;
		};
		F8E9B5641E27C9A600390BD3 /* Debug */ = {
			isa = XCBuildConfiguration;
			buildSettings = {
				ALWAYS_EMBED_SWIFT_STANDARD_LIBRARIES = YES;
				BUNDLE_LOADER = "$(TEST_HOST)";
				INFOPLIST_FILE = "T-ShiftsTests/Info.plist";
				LD_RUNPATH_SEARCH_PATHS = "$(inherited) @executable_path/Frameworks @loader_path/Frameworks";
				PRODUCT_BUNDLE_IDENTIFIER = "boborbt.T-ShiftsTests";
				PRODUCT_NAME = "$(TARGET_NAME)";
				SWIFT_VERSION = 3.0;
				TEST_HOST = "$(BUILT_PRODUCTS_DIR)/T-Shifts.app/T-Shifts";
			};
			name = Debug;
		};
		F8E9B5651E27C9A600390BD3 /* Release */ = {
			isa = XCBuildConfiguration;
			buildSettings = {
				ALWAYS_EMBED_SWIFT_STANDARD_LIBRARIES = YES;
				BUNDLE_LOADER = "$(TEST_HOST)";
				INFOPLIST_FILE = "T-ShiftsTests/Info.plist";
				LD_RUNPATH_SEARCH_PATHS = "$(inherited) @executable_path/Frameworks @loader_path/Frameworks";
				PRODUCT_BUNDLE_IDENTIFIER = "boborbt.T-ShiftsTests";
				PRODUCT_NAME = "$(TARGET_NAME)";
				SWIFT_VERSION = 3.0;
				TEST_HOST = "$(BUILT_PRODUCTS_DIR)/T-Shifts.app/T-Shifts";
			};
			name = Release;
		};
		F8E9B5671E27C9A600390BD3 /* Debug */ = {
			isa = XCBuildConfiguration;
			buildSettings = {
				ALWAYS_EMBED_SWIFT_STANDARD_LIBRARIES = YES;
				INFOPLIST_FILE = "T-ShiftsUITests/Info.plist";
				LD_RUNPATH_SEARCH_PATHS = "$(inherited) @executable_path/Frameworks @loader_path/Frameworks";
				PRODUCT_BUNDLE_IDENTIFIER = "boborbt.T-ShiftsUITests";
				PRODUCT_NAME = "$(TARGET_NAME)";
				SWIFT_VERSION = 3.0;
				TEST_TARGET_NAME = "T-Shifts";
			};
			name = Debug;
		};
		F8E9B5681E27C9A600390BD3 /* Release */ = {
			isa = XCBuildConfiguration;
			buildSettings = {
				ALWAYS_EMBED_SWIFT_STANDARD_LIBRARIES = YES;
				INFOPLIST_FILE = "T-ShiftsUITests/Info.plist";
				LD_RUNPATH_SEARCH_PATHS = "$(inherited) @executable_path/Frameworks @loader_path/Frameworks";
				PRODUCT_BUNDLE_IDENTIFIER = "boborbt.T-ShiftsUITests";
				PRODUCT_NAME = "$(TARGET_NAME)";
				SWIFT_VERSION = 3.0;
				TEST_TARGET_NAME = "T-Shifts";
			};
			name = Release;
		};
/* End XCBuildConfiguration section */

/* Begin XCConfigurationList section */
		F8E9B5331E27C9A500390BD3 /* Build configuration list for PBXProject "T-Shifts" */ = {
			isa = XCConfigurationList;
			buildConfigurations = (
				F8E9B55E1E27C9A600390BD3 /* Debug */,
				F8E9B55F1E27C9A600390BD3 /* Release */,
			);
			defaultConfigurationIsVisible = 0;
			defaultConfigurationName = Release;
		};
		F8E9B5601E27C9A600390BD3 /* Build configuration list for PBXNativeTarget "T-Shifts" */ = {
			isa = XCConfigurationList;
			buildConfigurations = (
				F8E9B5611E27C9A600390BD3 /* Debug */,
				F8E9B5621E27C9A600390BD3 /* Release */,
			);
			defaultConfigurationIsVisible = 0;
			defaultConfigurationName = Release;
		};
		F8E9B5631E27C9A600390BD3 /* Build configuration list for PBXNativeTarget "T-ShiftsTests" */ = {
			isa = XCConfigurationList;
			buildConfigurations = (
				F8E9B5641E27C9A600390BD3 /* Debug */,
				F8E9B5651E27C9A600390BD3 /* Release */,
			);
			defaultConfigurationIsVisible = 0;
			defaultConfigurationName = Release;
		};
		F8E9B5661E27C9A600390BD3 /* Build configuration list for PBXNativeTarget "T-ShiftsUITests" */ = {
			isa = XCConfigurationList;
			buildConfigurations = (
				F8E9B5671E27C9A600390BD3 /* Debug */,
				F8E9B5681E27C9A600390BD3 /* Release */,
			);
			defaultConfigurationIsVisible = 0;
			defaultConfigurationName = Release;
		};
/* End XCConfigurationList section */
	};
	rootObject = F8E9B5301E27C9A500390BD3 /* Project object */;
}
